
Microsoft Visual Studio Solution File, Format Version 12.00
# Visual Studio 2013
VisualStudioVersion = 12.0.31101.0
MinimumVisualStudioVersion = 10.0.40219.1
Project("{FAE04EC0-301F-11D3-BF4B-00C04F79EFBC}") = "MinskTrans.DesctopClient", "MinskTrans\MinskTrans.DesctopClient.csproj", "{B0D150C2-9F62-4577-9A6F-970A67033CCC}"
EndProject
Project("{2150E333-8FDC-42A3-9474-1A3956D46DE8}") = "Tests", "Tests", "{B33B7725-3735-4693-A3E1-77A0972BE758}"
EndProject
Project("{FAE04EC0-301F-11D3-BF4B-00C04F79EFBC}") = "ContextTests", "ContextTests\ContextTests.csproj", "{ED0E3D5F-5650-4250-85E8-568D8FF92F3F}"
EndProject
Project("{2150E333-8FDC-42A3-9474-1A3956D46DE8}") = "MinskTrans.Universal", "MinskTrans.Universal", "{259E8A59-B554-414A-8C5C-1A9BE5AE4B45}"
EndProject
Project("{D954291E-2A0B-460D-934E-DC6B0785DB48}") = "MinskTrans.Universal.Shared", "MinskTrans.Universal\MinskTrans.Universal.Shared\MinskTrans.Universal.Shared.shproj", "{59BEB27B-8C75-4E30-A0D1-5ED336038C3C}"
EndProject
Project("{FAE04EC0-301F-11D3-BF4B-00C04F79EFBC}") = "MinskTrans.Universal.Windows", "MinskTrans.Universal\MinskTrans.Universal.Windows\MinskTrans.Universal.Windows.csproj", "{4459A5F9-CBF5-42D3-86DD-9CDCCBEEADC2}"
EndProject
Project("{FAE04EC0-301F-11D3-BF4B-00C04F79EFBC}") = "MinskTrans.Universal.WindowsPhone", "MinskTrans.Universal\MinskTrans.Universal.WindowsPhone\MinskTrans.Universal.WindowsPhone.csproj", "{E8232612-EA44-4F4B-823C-B4C98EFB6342}"
EndProject
Project("{FAE04EC0-301F-11D3-BF4B-00C04F79EFBC}") = "MinskTrans.Universal.Tests", "MinskTrans.Universal.Tests\MinskTrans.Universal.Tests.csproj", "{1D8E7A1E-95BF-4052-B60E-9D87CCF404F8}"
EndProject
Project("{FAE04EC0-301F-11D3-BF4B-00C04F79EFBC}") = "MinskTrans.Universal.WP.Tests", "MinskTrans.Universal.WP.Tests\MinskTrans.Universal.WP.Tests.csproj", "{86DFE06A-EA16-4BAD-B04C-9B292F1A5789}"
EndProject
Project("{FAE04EC0-301F-11D3-BF4B-00C04F79EFBC}") = "UnitTestApp1", "UnitTestApp1\UnitTestApp1.csproj", "{DED400D9-CCFA-4883-AAA7-4F0D08C9D1FD}"
EndProject
Project("{2150E333-8FDC-42A3-9474-1A3956D46DE8}") = "Solution Items", "Solution Items", "{3EE8BF01-423E-4D28-B648-512BFFFEAE2A}"
	ProjectSection(SolutionItems) = preProject
		Performance1.psess = Performance1.psess
	EndProjectSection
EndProject
Project("{FAE04EC0-301F-11D3-BF4B-00C04F79EFBC}") = "PushNotificationServer", "PushNotificationServer\PushNotificationServer.csproj", "{CE5EA1DE-1629-4F11-99FD-8D4526BFE0E0}"
EndProject
Project("{FAE04EC0-301F-11D3-BF4B-00C04F79EFBC}") = "WindowsRuntimeBackgroundTask", "WindowsRuntimeBackgroundTask\WindowsRuntimeBackgroundTask.csproj", "{69E7E2AB-B7EE-43E5-94BB-8D73AEFDEFC4}"
EndProject
Project("{FAE04EC0-301F-11D3-BF4B-00C04F79EFBC}") = "BackgroundUpdateTask", "BackgroundUpdateTask\BackgroundUpdateTask.csproj", "{96102582-0ABB-46BB-8451-D43ADF63F594}"
EndProject
Project("{FAE04EC0-301F-11D3-BF4B-00C04F79EFBC}") = "CommonLibrary", "CommonLibrary\CommonLibrary.csproj", "{A7577975-54ED-4521-997B-6FACD396DAD9}"
EndProject
Project("{FAE04EC0-301F-11D3-BF4B-00C04F79EFBC}") = "DesktopUnitTests", "UniversalMinskTrans\DesktopUnitTests\DesktopUnitTests.csproj", "{B099C1C7-3FF3-4C72-B7FE-B9604875994E}"
EndProject
Project("{FAE04EC0-301F-11D3-BF4B-00C04F79EFBC}") = "MinskTrans.Utilites.Base", "MinskTrans.Utilites.Interfaces\MinskTrans.Utilites.Base.csproj", "{E60C2CB1-CC08-4F78-BD70-D8ADA2501E2D}"
EndProject
Project("{FAE04EC0-301F-11D3-BF4B-00C04F79EFBC}") = "MinskTrans.Utilites", "MinskTrans.Utilites\MinskTrans.Utilites.csproj", "{0DD1F107-07BA-4455-A9A9-827C8FD8B255}"
EndProject
Project("{FAE04EC0-301F-11D3-BF4B-00C04F79EFBC}") = "MinskTrans.Context", "MinskTrans.Context.Base\MinskTrans.Context.csproj", "{76BFE88D-0563-4897-B242-58CEEBA93431}"
EndProject
Project("{2150E333-8FDC-42A3-9474-1A3956D46DE8}") = "Libraries", "Libraries", "{33616543-EF8C-4B57-8DB4-AA92E70CB861}"
EndProject
Project("{FAE04EC0-301F-11D3-BF4B-00C04F79EFBC}") = "MinskTrans.Net", "MinskTrans.Net\MinskTrans.Net.csproj", "{0B59FB24-E9A6-4B59-AFF0-DF537AB5270B}"
EndProject
Project("{FAE04EC0-301F-11D3-BF4B-00C04F79EFBC}") = "MinskTrans.AutoRouting", "MinskTrans.AutoRouting\MinskTrans.AutoRouting.csproj", "{33DB7D58-46C8-4756-B7AC-39994422188E}"
EndProject
Project("{2150E333-8FDC-42A3-9474-1A3956D46DE8}") = "Libraries.Desktop", "Libraries.Desktop", "{ABE8D572-6E86-4C84-A833-BCF76BE025F0}"
EndProject
Project("{FAE04EC0-301F-11D3-BF4B-00C04F79EFBC}") = "MinskTrans.Context.Desktop", "MinskTrans.Context.Desktop\MinskTrans.Context.Desktop.csproj", "{C4FBD2FD-EA17-4F5C-B240-FDC9E8826DC0}"
EndProject
Project("{FAE04EC0-301F-11D3-BF4B-00C04F79EFBC}") = "MinskTrans.Utilites.Desktop", "MinskTrans.Utilites.Desktop\MinskTrans.Utilites.Desktop.csproj", "{02880AEB-7ECB-4F06-8281-A66DAF84E2F8}"
EndProject
Project("{FAE04EC0-301F-11D3-BF4B-00C04F79EFBC}") = "MinskTrans.Net.Cloud.Desktop", "MinskTrans.Net.Cloud.Desktop\MinskTrans.Net.Cloud.Desktop.csproj", "{0614470A-407A-44E0-A821-FF692D63113F}"
EndProject
Global
	GlobalSection(SharedMSBuildProjectFiles) = preSolution
		MinskTrans.Universal\MinskTrans.Universal.Shared\MinskTrans.Universal.Shared.projitems*{59beb27b-8c75-4e30-a0d1-5ed336038c3c}*SharedItemsImports = 13
		MinskTrans.Universal\MinskTrans.Universal.Shared\MinskTrans.Universal.Shared.projitems*{e8232612-ea44-4f4b-823c-b4c98efb6342}*SharedItemsImports = 4
		MinskTrans.Universal\MinskTrans.Universal.Shared\MinskTrans.Universal.Shared.projitems*{4459a5f9-cbf5-42d3-86dd-9cdccbeeadc2}*SharedItemsImports = 4
	EndGlobalSection
	GlobalSection(SolutionConfigurationPlatforms) = preSolution
		Debug|Any CPU = Debug|Any CPU
		Debug|ARM = Debug|ARM
		Debug|Mixed Platforms = Debug|Mixed Platforms
		Debug|Win32 = Debug|Win32
		Debug|x64 = Debug|x64
		Debug|x86 = Debug|x86
		Release|Any CPU = Release|Any CPU
		Release|ARM = Release|ARM
		Release|Mixed Platforms = Release|Mixed Platforms
		Release|Win32 = Release|Win32
		Release|x64 = Release|x64
		Release|x86 = Release|x86
	EndGlobalSection
	GlobalSection(ProjectConfigurationPlatforms) = postSolution
		{B0D150C2-9F62-4577-9A6F-970A67033CCC}.Debug|Any CPU.ActiveCfg = Debug|Any CPU
		{B0D150C2-9F62-4577-9A6F-970A67033CCC}.Debug|Any CPU.Build.0 = Debug|Any CPU
		{B0D150C2-9F62-4577-9A6F-970A67033CCC}.Debug|ARM.ActiveCfg = Debug|Any CPU
		{B0D150C2-9F62-4577-9A6F-970A67033CCC}.Debug|Mixed Platforms.ActiveCfg = Debug|Any CPU
		{B0D150C2-9F62-4577-9A6F-970A67033CCC}.Debug|Mixed Platforms.Build.0 = Debug|Any CPU
		{B0D150C2-9F62-4577-9A6F-970A67033CCC}.Debug|Win32.ActiveCfg = Debug|Any CPU
		{B0D150C2-9F62-4577-9A6F-970A67033CCC}.Debug|x64.ActiveCfg = Debug|Any CPU
		{B0D150C2-9F62-4577-9A6F-970A67033CCC}.Debug|x86.ActiveCfg = Debug|Any CPU
		{B0D150C2-9F62-4577-9A6F-970A67033CCC}.Release|Any CPU.ActiveCfg = Release|Any CPU
		{B0D150C2-9F62-4577-9A6F-970A67033CCC}.Release|Any CPU.Build.0 = Release|Any CPU
		{B0D150C2-9F62-4577-9A6F-970A67033CCC}.Release|ARM.ActiveCfg = Release|Any CPU
		{B0D150C2-9F62-4577-9A6F-970A67033CCC}.Release|Mixed Platforms.ActiveCfg = Release|Any CPU
		{B0D150C2-9F62-4577-9A6F-970A67033CCC}.Release|Mixed Platforms.Build.0 = Release|Any CPU
		{B0D150C2-9F62-4577-9A6F-970A67033CCC}.Release|Win32.ActiveCfg = Release|Any CPU
		{B0D150C2-9F62-4577-9A6F-970A67033CCC}.Release|x64.ActiveCfg = Release|Any CPU
		{B0D150C2-9F62-4577-9A6F-970A67033CCC}.Release|x86.ActiveCfg = Release|Any CPU
		{ED0E3D5F-5650-4250-85E8-568D8FF92F3F}.Debug|Any CPU.ActiveCfg = Debug|Any CPU
		{ED0E3D5F-5650-4250-85E8-568D8FF92F3F}.Debug|Any CPU.Build.0 = Debug|Any CPU
		{ED0E3D5F-5650-4250-85E8-568D8FF92F3F}.Debug|ARM.ActiveCfg = Debug|Any CPU
		{ED0E3D5F-5650-4250-85E8-568D8FF92F3F}.Debug|Mixed Platforms.ActiveCfg = Debug|Any CPU
		{ED0E3D5F-5650-4250-85E8-568D8FF92F3F}.Debug|Mixed Platforms.Build.0 = Debug|Any CPU
		{ED0E3D5F-5650-4250-85E8-568D8FF92F3F}.Debug|Win32.ActiveCfg = Debug|Any CPU
		{ED0E3D5F-5650-4250-85E8-568D8FF92F3F}.Debug|x64.ActiveCfg = Debug|Any CPU
		{ED0E3D5F-5650-4250-85E8-568D8FF92F3F}.Debug|x86.ActiveCfg = Debug|Any CPU
		{ED0E3D5F-5650-4250-85E8-568D8FF92F3F}.Release|Any CPU.ActiveCfg = Release|Any CPU
		{ED0E3D5F-5650-4250-85E8-568D8FF92F3F}.Release|Any CPU.Build.0 = Release|Any CPU
		{ED0E3D5F-5650-4250-85E8-568D8FF92F3F}.Release|ARM.ActiveCfg = Release|Any CPU
		{ED0E3D5F-5650-4250-85E8-568D8FF92F3F}.Release|Mixed Platforms.ActiveCfg = Release|Any CPU
		{ED0E3D5F-5650-4250-85E8-568D8FF92F3F}.Release|Mixed Platforms.Build.0 = Release|Any CPU
		{ED0E3D5F-5650-4250-85E8-568D8FF92F3F}.Release|Win32.ActiveCfg = Release|Any CPU
		{ED0E3D5F-5650-4250-85E8-568D8FF92F3F}.Release|x64.ActiveCfg = Release|Any CPU
		{ED0E3D5F-5650-4250-85E8-568D8FF92F3F}.Release|x86.ActiveCfg = Release|Any CPU
		{4459A5F9-CBF5-42D3-86DD-9CDCCBEEADC2}.Debug|Any CPU.ActiveCfg = Debug|Any CPU
		{4459A5F9-CBF5-42D3-86DD-9CDCCBEEADC2}.Debug|Any CPU.Build.0 = Debug|Any CPU
		{4459A5F9-CBF5-42D3-86DD-9CDCCBEEADC2}.Debug|Any CPU.Deploy.0 = Debug|Any CPU
		{4459A5F9-CBF5-42D3-86DD-9CDCCBEEADC2}.Debug|ARM.ActiveCfg = Debug|ARM
		{4459A5F9-CBF5-42D3-86DD-9CDCCBEEADC2}.Debug|ARM.Build.0 = Debug|ARM
		{4459A5F9-CBF5-42D3-86DD-9CDCCBEEADC2}.Debug|ARM.Deploy.0 = Debug|ARM
		{4459A5F9-CBF5-42D3-86DD-9CDCCBEEADC2}.Debug|Mixed Platforms.ActiveCfg = Debug|Any CPU
		{4459A5F9-CBF5-42D3-86DD-9CDCCBEEADC2}.Debug|Mixed Platforms.Build.0 = Debug|Any CPU
		{4459A5F9-CBF5-42D3-86DD-9CDCCBEEADC2}.Debug|Mixed Platforms.Deploy.0 = Debug|Any CPU
		{4459A5F9-CBF5-42D3-86DD-9CDCCBEEADC2}.Debug|Win32.ActiveCfg = Debug|x86
		{4459A5F9-CBF5-42D3-86DD-9CDCCBEEADC2}.Debug|Win32.Build.0 = Debug|x86
		{4459A5F9-CBF5-42D3-86DD-9CDCCBEEADC2}.Debug|Win32.Deploy.0 = Debug|x86
		{4459A5F9-CBF5-42D3-86DD-9CDCCBEEADC2}.Debug|x64.ActiveCfg = Debug|x64
		{4459A5F9-CBF5-42D3-86DD-9CDCCBEEADC2}.Debug|x64.Build.0 = Debug|x64
		{4459A5F9-CBF5-42D3-86DD-9CDCCBEEADC2}.Debug|x64.Deploy.0 = Debug|x64
		{4459A5F9-CBF5-42D3-86DD-9CDCCBEEADC2}.Debug|x86.ActiveCfg = Debug|x86
		{4459A5F9-CBF5-42D3-86DD-9CDCCBEEADC2}.Debug|x86.Build.0 = Debug|x86
		{4459A5F9-CBF5-42D3-86DD-9CDCCBEEADC2}.Debug|x86.Deploy.0 = Debug|x86
		{4459A5F9-CBF5-42D3-86DD-9CDCCBEEADC2}.Release|Any CPU.ActiveCfg = Release|Any CPU
		{4459A5F9-CBF5-42D3-86DD-9CDCCBEEADC2}.Release|Any CPU.Build.0 = Release|Any CPU
		{4459A5F9-CBF5-42D3-86DD-9CDCCBEEADC2}.Release|Any CPU.Deploy.0 = Release|Any CPU
		{4459A5F9-CBF5-42D3-86DD-9CDCCBEEADC2}.Release|ARM.ActiveCfg = Release|ARM
		{4459A5F9-CBF5-42D3-86DD-9CDCCBEEADC2}.Release|ARM.Build.0 = Release|ARM
		{4459A5F9-CBF5-42D3-86DD-9CDCCBEEADC2}.Release|ARM.Deploy.0 = Release|ARM
		{4459A5F9-CBF5-42D3-86DD-9CDCCBEEADC2}.Release|Mixed Platforms.ActiveCfg = Release|x86
		{4459A5F9-CBF5-42D3-86DD-9CDCCBEEADC2}.Release|Mixed Platforms.Build.0 = Release|x86
		{4459A5F9-CBF5-42D3-86DD-9CDCCBEEADC2}.Release|Mixed Platforms.Deploy.0 = Release|x86
		{4459A5F9-CBF5-42D3-86DD-9CDCCBEEADC2}.Release|Win32.ActiveCfg = Release|x86
		{4459A5F9-CBF5-42D3-86DD-9CDCCBEEADC2}.Release|Win32.Build.0 = Release|x86
		{4459A5F9-CBF5-42D3-86DD-9CDCCBEEADC2}.Release|Win32.Deploy.0 = Release|x86
		{4459A5F9-CBF5-42D3-86DD-9CDCCBEEADC2}.Release|x64.ActiveCfg = Release|x64
		{4459A5F9-CBF5-42D3-86DD-9CDCCBEEADC2}.Release|x64.Build.0 = Release|x64
		{4459A5F9-CBF5-42D3-86DD-9CDCCBEEADC2}.Release|x64.Deploy.0 = Release|x64
		{4459A5F9-CBF5-42D3-86DD-9CDCCBEEADC2}.Release|x86.ActiveCfg = Release|x86
		{4459A5F9-CBF5-42D3-86DD-9CDCCBEEADC2}.Release|x86.Build.0 = Release|x86
		{4459A5F9-CBF5-42D3-86DD-9CDCCBEEADC2}.Release|x86.Deploy.0 = Release|x86
		{E8232612-EA44-4F4B-823C-B4C98EFB6342}.Debug|Any CPU.ActiveCfg = Debug|Any CPU
		{E8232612-EA44-4F4B-823C-B4C98EFB6342}.Debug|Any CPU.Build.0 = Debug|Any CPU
		{E8232612-EA44-4F4B-823C-B4C98EFB6342}.Debug|Any CPU.Deploy.0 = Debug|Any CPU
		{E8232612-EA44-4F4B-823C-B4C98EFB6342}.Debug|ARM.ActiveCfg = Debug|ARM
		{E8232612-EA44-4F4B-823C-B4C98EFB6342}.Debug|ARM.Build.0 = Debug|ARM
		{E8232612-EA44-4F4B-823C-B4C98EFB6342}.Debug|ARM.Deploy.0 = Debug|ARM
		{E8232612-EA44-4F4B-823C-B4C98EFB6342}.Debug|Mixed Platforms.ActiveCfg = Debug|Any CPU
		{E8232612-EA44-4F4B-823C-B4C98EFB6342}.Debug|Mixed Platforms.Build.0 = Debug|Any CPU
		{E8232612-EA44-4F4B-823C-B4C98EFB6342}.Debug|Mixed Platforms.Deploy.0 = Debug|Any CPU
		{E8232612-EA44-4F4B-823C-B4C98EFB6342}.Debug|Win32.ActiveCfg = Debug|x86
		{E8232612-EA44-4F4B-823C-B4C98EFB6342}.Debug|Win32.Build.0 = Debug|x86
		{E8232612-EA44-4F4B-823C-B4C98EFB6342}.Debug|Win32.Deploy.0 = Debug|x86
		{E8232612-EA44-4F4B-823C-B4C98EFB6342}.Debug|x64.ActiveCfg = Debug|Any CPU
		{E8232612-EA44-4F4B-823C-B4C98EFB6342}.Debug|x86.ActiveCfg = Debug|x86
		{E8232612-EA44-4F4B-823C-B4C98EFB6342}.Debug|x86.Build.0 = Debug|x86
		{E8232612-EA44-4F4B-823C-B4C98EFB6342}.Debug|x86.Deploy.0 = Debug|x86
		{E8232612-EA44-4F4B-823C-B4C98EFB6342}.Release|Any CPU.ActiveCfg = Release|Any CPU
		{E8232612-EA44-4F4B-823C-B4C98EFB6342}.Release|Any CPU.Build.0 = Release|Any CPU
		{E8232612-EA44-4F4B-823C-B4C98EFB6342}.Release|Any CPU.Deploy.0 = Release|Any CPU
		{E8232612-EA44-4F4B-823C-B4C98EFB6342}.Release|ARM.ActiveCfg = Release|ARM
		{E8232612-EA44-4F4B-823C-B4C98EFB6342}.Release|ARM.Build.0 = Release|ARM
		{E8232612-EA44-4F4B-823C-B4C98EFB6342}.Release|ARM.Deploy.0 = Release|ARM
		{E8232612-EA44-4F4B-823C-B4C98EFB6342}.Release|Mixed Platforms.ActiveCfg = Release|x86
		{E8232612-EA44-4F4B-823C-B4C98EFB6342}.Release|Mixed Platforms.Build.0 = Release|x86
		{E8232612-EA44-4F4B-823C-B4C98EFB6342}.Release|Mixed Platforms.Deploy.0 = Release|x86
		{E8232612-EA44-4F4B-823C-B4C98EFB6342}.Release|Win32.ActiveCfg = Release|x86
		{E8232612-EA44-4F4B-823C-B4C98EFB6342}.Release|Win32.Build.0 = Release|x86
		{E8232612-EA44-4F4B-823C-B4C98EFB6342}.Release|Win32.Deploy.0 = Release|x86
		{E8232612-EA44-4F4B-823C-B4C98EFB6342}.Release|x64.ActiveCfg = Release|Any CPU
		{E8232612-EA44-4F4B-823C-B4C98EFB6342}.Release|x86.ActiveCfg = Release|x86
		{E8232612-EA44-4F4B-823C-B4C98EFB6342}.Release|x86.Build.0 = Release|x86
		{E8232612-EA44-4F4B-823C-B4C98EFB6342}.Release|x86.Deploy.0 = Release|x86
		{1D8E7A1E-95BF-4052-B60E-9D87CCF404F8}.Debug|Any CPU.ActiveCfg = Debug|Any CPU
		{1D8E7A1E-95BF-4052-B60E-9D87CCF404F8}.Debug|Any CPU.Build.0 = Debug|Any CPU
		{1D8E7A1E-95BF-4052-B60E-9D87CCF404F8}.Debug|Any CPU.Deploy.0 = Debug|Any CPU
		{1D8E7A1E-95BF-4052-B60E-9D87CCF404F8}.Debug|ARM.ActiveCfg = Debug|ARM
		{1D8E7A1E-95BF-4052-B60E-9D87CCF404F8}.Debug|ARM.Build.0 = Debug|ARM
		{1D8E7A1E-95BF-4052-B60E-9D87CCF404F8}.Debug|ARM.Deploy.0 = Debug|ARM
		{1D8E7A1E-95BF-4052-B60E-9D87CCF404F8}.Debug|Mixed Platforms.ActiveCfg = Debug|x86
		{1D8E7A1E-95BF-4052-B60E-9D87CCF404F8}.Debug|Mixed Platforms.Build.0 = Debug|x86
		{1D8E7A1E-95BF-4052-B60E-9D87CCF404F8}.Debug|Mixed Platforms.Deploy.0 = Debug|x86
		{1D8E7A1E-95BF-4052-B60E-9D87CCF404F8}.Debug|Win32.ActiveCfg = Debug|x86
		{1D8E7A1E-95BF-4052-B60E-9D87CCF404F8}.Debug|x64.ActiveCfg = Debug|x64
		{1D8E7A1E-95BF-4052-B60E-9D87CCF404F8}.Debug|x64.Build.0 = Debug|x64
		{1D8E7A1E-95BF-4052-B60E-9D87CCF404F8}.Debug|x64.Deploy.0 = Debug|x64
		{1D8E7A1E-95BF-4052-B60E-9D87CCF404F8}.Debug|x86.ActiveCfg = Debug|x86
		{1D8E7A1E-95BF-4052-B60E-9D87CCF404F8}.Debug|x86.Build.0 = Debug|x86
		{1D8E7A1E-95BF-4052-B60E-9D87CCF404F8}.Debug|x86.Deploy.0 = Debug|x86
		{1D8E7A1E-95BF-4052-B60E-9D87CCF404F8}.Release|Any CPU.ActiveCfg = Release|Any CPU
		{1D8E7A1E-95BF-4052-B60E-9D87CCF404F8}.Release|Any CPU.Build.0 = Release|Any CPU
		{1D8E7A1E-95BF-4052-B60E-9D87CCF404F8}.Release|Any CPU.Deploy.0 = Release|Any CPU
		{1D8E7A1E-95BF-4052-B60E-9D87CCF404F8}.Release|ARM.ActiveCfg = Release|ARM
		{1D8E7A1E-95BF-4052-B60E-9D87CCF404F8}.Release|ARM.Build.0 = Release|ARM
		{1D8E7A1E-95BF-4052-B60E-9D87CCF404F8}.Release|ARM.Deploy.0 = Release|ARM
		{1D8E7A1E-95BF-4052-B60E-9D87CCF404F8}.Release|Mixed Platforms.ActiveCfg = Release|x86
		{1D8E7A1E-95BF-4052-B60E-9D87CCF404F8}.Release|Mixed Platforms.Build.0 = Release|x86
		{1D8E7A1E-95BF-4052-B60E-9D87CCF404F8}.Release|Mixed Platforms.Deploy.0 = Release|x86
		{1D8E7A1E-95BF-4052-B60E-9D87CCF404F8}.Release|Win32.ActiveCfg = Release|x86
		{1D8E7A1E-95BF-4052-B60E-9D87CCF404F8}.Release|x64.ActiveCfg = Release|x64
		{1D8E7A1E-95BF-4052-B60E-9D87CCF404F8}.Release|x64.Build.0 = Release|x64
		{1D8E7A1E-95BF-4052-B60E-9D87CCF404F8}.Release|x64.Deploy.0 = Release|x64
		{1D8E7A1E-95BF-4052-B60E-9D87CCF404F8}.Release|x86.ActiveCfg = Release|x86
		{1D8E7A1E-95BF-4052-B60E-9D87CCF404F8}.Release|x86.Build.0 = Release|x86
		{1D8E7A1E-95BF-4052-B60E-9D87CCF404F8}.Release|x86.Deploy.0 = Release|x86
		{86DFE06A-EA16-4BAD-B04C-9B292F1A5789}.Debug|Any CPU.ActiveCfg = Debug|x86
		{86DFE06A-EA16-4BAD-B04C-9B292F1A5789}.Debug|ARM.ActiveCfg = Debug|ARM
		{86DFE06A-EA16-4BAD-B04C-9B292F1A5789}.Debug|ARM.Build.0 = Debug|ARM
		{86DFE06A-EA16-4BAD-B04C-9B292F1A5789}.Debug|ARM.Deploy.0 = Debug|ARM
		{86DFE06A-EA16-4BAD-B04C-9B292F1A5789}.Debug|Mixed Platforms.ActiveCfg = Debug|x86
		{86DFE06A-EA16-4BAD-B04C-9B292F1A5789}.Debug|Mixed Platforms.Build.0 = Debug|x86
		{86DFE06A-EA16-4BAD-B04C-9B292F1A5789}.Debug|Mixed Platforms.Deploy.0 = Debug|x86
		{86DFE06A-EA16-4BAD-B04C-9B292F1A5789}.Debug|Win32.ActiveCfg = Debug|x86
		{86DFE06A-EA16-4BAD-B04C-9B292F1A5789}.Debug|x64.ActiveCfg = Debug|x86
		{86DFE06A-EA16-4BAD-B04C-9B292F1A5789}.Debug|x86.ActiveCfg = Debug|x86
		{86DFE06A-EA16-4BAD-B04C-9B292F1A5789}.Debug|x86.Build.0 = Debug|x86
		{86DFE06A-EA16-4BAD-B04C-9B292F1A5789}.Debug|x86.Deploy.0 = Debug|x86
		{86DFE06A-EA16-4BAD-B04C-9B292F1A5789}.Release|Any CPU.ActiveCfg = Release|x86
		{86DFE06A-EA16-4BAD-B04C-9B292F1A5789}.Release|ARM.ActiveCfg = Release|ARM
		{86DFE06A-EA16-4BAD-B04C-9B292F1A5789}.Release|ARM.Build.0 = Release|ARM
		{86DFE06A-EA16-4BAD-B04C-9B292F1A5789}.Release|ARM.Deploy.0 = Release|ARM
		{86DFE06A-EA16-4BAD-B04C-9B292F1A5789}.Release|Mixed Platforms.ActiveCfg = Release|x86
		{86DFE06A-EA16-4BAD-B04C-9B292F1A5789}.Release|Mixed Platforms.Build.0 = Release|x86
		{86DFE06A-EA16-4BAD-B04C-9B292F1A5789}.Release|Mixed Platforms.Deploy.0 = Release|x86
		{86DFE06A-EA16-4BAD-B04C-9B292F1A5789}.Release|Win32.ActiveCfg = Release|x86
		{86DFE06A-EA16-4BAD-B04C-9B292F1A5789}.Release|x64.ActiveCfg = Release|x86
		{86DFE06A-EA16-4BAD-B04C-9B292F1A5789}.Release|x86.ActiveCfg = Release|x86
		{86DFE06A-EA16-4BAD-B04C-9B292F1A5789}.Release|x86.Build.0 = Release|x86
		{86DFE06A-EA16-4BAD-B04C-9B292F1A5789}.Release|x86.Deploy.0 = Release|x86
		{DED400D9-CCFA-4883-AAA7-4F0D08C9D1FD}.Debug|Any CPU.ActiveCfg = Debug|x86
		{DED400D9-CCFA-4883-AAA7-4F0D08C9D1FD}.Debug|ARM.ActiveCfg = Debug|ARM
		{DED400D9-CCFA-4883-AAA7-4F0D08C9D1FD}.Debug|ARM.Build.0 = Debug|ARM
		{DED400D9-CCFA-4883-AAA7-4F0D08C9D1FD}.Debug|ARM.Deploy.0 = Debug|ARM
		{DED400D9-CCFA-4883-AAA7-4F0D08C9D1FD}.Debug|Mixed Platforms.ActiveCfg = Debug|x86
		{DED400D9-CCFA-4883-AAA7-4F0D08C9D1FD}.Debug|Mixed Platforms.Build.0 = Debug|x86
		{DED400D9-CCFA-4883-AAA7-4F0D08C9D1FD}.Debug|Mixed Platforms.Deploy.0 = Debug|x86
		{DED400D9-CCFA-4883-AAA7-4F0D08C9D1FD}.Debug|Win32.ActiveCfg = Debug|x86
		{DED400D9-CCFA-4883-AAA7-4F0D08C9D1FD}.Debug|x64.ActiveCfg = Debug|x86
		{DED400D9-CCFA-4883-AAA7-4F0D08C9D1FD}.Debug|x86.ActiveCfg = Debug|x86
		{DED400D9-CCFA-4883-AAA7-4F0D08C9D1FD}.Debug|x86.Build.0 = Debug|x86
		{DED400D9-CCFA-4883-AAA7-4F0D08C9D1FD}.Debug|x86.Deploy.0 = Debug|x86
		{DED400D9-CCFA-4883-AAA7-4F0D08C9D1FD}.Release|Any CPU.ActiveCfg = Release|x86
		{DED400D9-CCFA-4883-AAA7-4F0D08C9D1FD}.Release|ARM.ActiveCfg = Release|ARM
		{DED400D9-CCFA-4883-AAA7-4F0D08C9D1FD}.Release|ARM.Build.0 = Release|ARM
		{DED400D9-CCFA-4883-AAA7-4F0D08C9D1FD}.Release|ARM.Deploy.0 = Release|ARM
		{DED400D9-CCFA-4883-AAA7-4F0D08C9D1FD}.Release|Mixed Platforms.ActiveCfg = Release|x86
		{DED400D9-CCFA-4883-AAA7-4F0D08C9D1FD}.Release|Mixed Platforms.Build.0 = Release|x86
		{DED400D9-CCFA-4883-AAA7-4F0D08C9D1FD}.Release|Mixed Platforms.Deploy.0 = Release|x86
		{DED400D9-CCFA-4883-AAA7-4F0D08C9D1FD}.Release|Win32.ActiveCfg = Release|x86
		{DED400D9-CCFA-4883-AAA7-4F0D08C9D1FD}.Release|x64.ActiveCfg = Release|x86
		{DED400D9-CCFA-4883-AAA7-4F0D08C9D1FD}.Release|x86.ActiveCfg = Release|x86
		{DED400D9-CCFA-4883-AAA7-4F0D08C9D1FD}.Release|x86.Build.0 = Release|x86
		{DED400D9-CCFA-4883-AAA7-4F0D08C9D1FD}.Release|x86.Deploy.0 = Release|x86
		{CE5EA1DE-1629-4F11-99FD-8D4526BFE0E0}.Debug|Any CPU.ActiveCfg = Debug|Any CPU
		{CE5EA1DE-1629-4F11-99FD-8D4526BFE0E0}.Debug|Any CPU.Build.0 = Debug|Any CPU
		{CE5EA1DE-1629-4F11-99FD-8D4526BFE0E0}.Debug|ARM.ActiveCfg = Debug|Any CPU
		{CE5EA1DE-1629-4F11-99FD-8D4526BFE0E0}.Debug|Mixed Platforms.ActiveCfg = Debug|Any CPU
		{CE5EA1DE-1629-4F11-99FD-8D4526BFE0E0}.Debug|Mixed Platforms.Build.0 = Debug|Any CPU
		{CE5EA1DE-1629-4F11-99FD-8D4526BFE0E0}.Debug|Win32.ActiveCfg = Debug|Any CPU
		{CE5EA1DE-1629-4F11-99FD-8D4526BFE0E0}.Debug|x64.ActiveCfg = Debug|Any CPU
		{CE5EA1DE-1629-4F11-99FD-8D4526BFE0E0}.Debug|x86.ActiveCfg = Debug|Any CPU
		{CE5EA1DE-1629-4F11-99FD-8D4526BFE0E0}.Release|Any CPU.ActiveCfg = Release|Any CPU
		{CE5EA1DE-1629-4F11-99FD-8D4526BFE0E0}.Release|Any CPU.Build.0 = Release|Any CPU
		{CE5EA1DE-1629-4F11-99FD-8D4526BFE0E0}.Release|ARM.ActiveCfg = Release|Any CPU
		{CE5EA1DE-1629-4F11-99FD-8D4526BFE0E0}.Release|Mixed Platforms.ActiveCfg = Release|Any CPU
		{CE5EA1DE-1629-4F11-99FD-8D4526BFE0E0}.Release|Mixed Platforms.Build.0 = Release|Any CPU
		{CE5EA1DE-1629-4F11-99FD-8D4526BFE0E0}.Release|Win32.ActiveCfg = Release|Any CPU
		{CE5EA1DE-1629-4F11-99FD-8D4526BFE0E0}.Release|x64.ActiveCfg = Release|Any CPU
		{CE5EA1DE-1629-4F11-99FD-8D4526BFE0E0}.Release|x86.ActiveCfg = Release|Any CPU
		{69E7E2AB-B7EE-43E5-94BB-8D73AEFDEFC4}.Debug|Any CPU.ActiveCfg = Debug|Any CPU
		{69E7E2AB-B7EE-43E5-94BB-8D73AEFDEFC4}.Debug|Any CPU.Build.0 = Debug|Any CPU
		{69E7E2AB-B7EE-43E5-94BB-8D73AEFDEFC4}.Debug|ARM.ActiveCfg = Debug|Any CPU
		{69E7E2AB-B7EE-43E5-94BB-8D73AEFDEFC4}.Debug|Mixed Platforms.ActiveCfg = Debug|Any CPU
		{69E7E2AB-B7EE-43E5-94BB-8D73AEFDEFC4}.Debug|Mixed Platforms.Build.0 = Debug|Any CPU
		{69E7E2AB-B7EE-43E5-94BB-8D73AEFDEFC4}.Debug|Win32.ActiveCfg = Debug|Any CPU
		{69E7E2AB-B7EE-43E5-94BB-8D73AEFDEFC4}.Debug|x64.ActiveCfg = Debug|Any CPU
		{69E7E2AB-B7EE-43E5-94BB-8D73AEFDEFC4}.Debug|x86.ActiveCfg = Debug|Any CPU
		{69E7E2AB-B7EE-43E5-94BB-8D73AEFDEFC4}.Release|Any CPU.ActiveCfg = Release|Any CPU
		{69E7E2AB-B7EE-43E5-94BB-8D73AEFDEFC4}.Release|Any CPU.Build.0 = Release|Any CPU
		{69E7E2AB-B7EE-43E5-94BB-8D73AEFDEFC4}.Release|ARM.ActiveCfg = Release|Any CPU
		{69E7E2AB-B7EE-43E5-94BB-8D73AEFDEFC4}.Release|Mixed Platforms.ActiveCfg = Release|Any CPU
		{69E7E2AB-B7EE-43E5-94BB-8D73AEFDEFC4}.Release|Mixed Platforms.Build.0 = Release|Any CPU
		{69E7E2AB-B7EE-43E5-94BB-8D73AEFDEFC4}.Release|Win32.ActiveCfg = Release|Any CPU
		{69E7E2AB-B7EE-43E5-94BB-8D73AEFDEFC4}.Release|x64.ActiveCfg = Release|Any CPU
		{69E7E2AB-B7EE-43E5-94BB-8D73AEFDEFC4}.Release|x86.ActiveCfg = Release|Any CPU
		{96102582-0ABB-46BB-8451-D43ADF63F594}.Debug|Any CPU.ActiveCfg = Debug|Any CPU
		{96102582-0ABB-46BB-8451-D43ADF63F594}.Debug|Any CPU.Build.0 = Debug|Any CPU
		{96102582-0ABB-46BB-8451-D43ADF63F594}.Debug|ARM.ActiveCfg = Debug|Any CPU
		{96102582-0ABB-46BB-8451-D43ADF63F594}.Debug|Mixed Platforms.ActiveCfg = Debug|Any CPU
		{96102582-0ABB-46BB-8451-D43ADF63F594}.Debug|Mixed Platforms.Build.0 = Debug|Any CPU
		{96102582-0ABB-46BB-8451-D43ADF63F594}.Debug|Win32.ActiveCfg = Debug|Any CPU
		{96102582-0ABB-46BB-8451-D43ADF63F594}.Debug|x64.ActiveCfg = Debug|Any CPU
		{96102582-0ABB-46BB-8451-D43ADF63F594}.Debug|x86.ActiveCfg = Debug|Any CPU
		{96102582-0ABB-46BB-8451-D43ADF63F594}.Release|Any CPU.ActiveCfg = Release|Any CPU
		{96102582-0ABB-46BB-8451-D43ADF63F594}.Release|Any CPU.Build.0 = Release|Any CPU
		{96102582-0ABB-46BB-8451-D43ADF63F594}.Release|ARM.ActiveCfg = Release|Any CPU
		{96102582-0ABB-46BB-8451-D43ADF63F594}.Release|Mixed Platforms.ActiveCfg = Release|Any CPU
		{96102582-0ABB-46BB-8451-D43ADF63F594}.Release|Mixed Platforms.Build.0 = Release|Any CPU
		{96102582-0ABB-46BB-8451-D43ADF63F594}.Release|Win32.ActiveCfg = Release|Any CPU
		{96102582-0ABB-46BB-8451-D43ADF63F594}.Release|x64.ActiveCfg = Release|Any CPU
		{96102582-0ABB-46BB-8451-D43ADF63F594}.Release|x86.ActiveCfg = Release|Any CPU
		{A7577975-54ED-4521-997B-6FACD396DAD9}.Debug|Any CPU.ActiveCfg = Debug|Any CPU
		{A7577975-54ED-4521-997B-6FACD396DAD9}.Debug|Any CPU.Build.0 = Debug|Any CPU
		{A7577975-54ED-4521-997B-6FACD396DAD9}.Debug|ARM.ActiveCfg = Debug|Any CPU
		{A7577975-54ED-4521-997B-6FACD396DAD9}.Debug|Mixed Platforms.ActiveCfg = Debug|Any CPU
		{A7577975-54ED-4521-997B-6FACD396DAD9}.Debug|Mixed Platforms.Build.0 = Debug|Any CPU
		{A7577975-54ED-4521-997B-6FACD396DAD9}.Debug|Win32.ActiveCfg = Debug|Any CPU
		{A7577975-54ED-4521-997B-6FACD396DAD9}.Debug|x64.ActiveCfg = Debug|Any CPU
		{A7577975-54ED-4521-997B-6FACD396DAD9}.Debug|x86.ActiveCfg = Debug|Any CPU
		{A7577975-54ED-4521-997B-6FACD396DAD9}.Release|Any CPU.ActiveCfg = Release|Any CPU
		{A7577975-54ED-4521-997B-6FACD396DAD9}.Release|Any CPU.Build.0 = Release|Any CPU
		{A7577975-54ED-4521-997B-6FACD396DAD9}.Release|ARM.ActiveCfg = Release|Any CPU
		{A7577975-54ED-4521-997B-6FACD396DAD9}.Release|Mixed Platforms.ActiveCfg = Release|Any CPU
		{A7577975-54ED-4521-997B-6FACD396DAD9}.Release|Mixed Platforms.Build.0 = Release|Any CPU
		{A7577975-54ED-4521-997B-6FACD396DAD9}.Release|Win32.ActiveCfg = Release|Any CPU
		{A7577975-54ED-4521-997B-6FACD396DAD9}.Release|x64.ActiveCfg = Release|Any CPU
		{A7577975-54ED-4521-997B-6FACD396DAD9}.Release|x86.ActiveCfg = Release|Any CPU
		{B099C1C7-3FF3-4C72-B7FE-B9604875994E}.Debug|Any CPU.ActiveCfg = Debug|Any CPU
		{B099C1C7-3FF3-4C72-B7FE-B9604875994E}.Debug|Any CPU.Build.0 = Debug|Any CPU
		{B099C1C7-3FF3-4C72-B7FE-B9604875994E}.Debug|ARM.ActiveCfg = Debug|Any CPU
		{B099C1C7-3FF3-4C72-B7FE-B9604875994E}.Debug|Mixed Platforms.ActiveCfg = Debug|Any CPU
		{B099C1C7-3FF3-4C72-B7FE-B9604875994E}.Debug|Mixed Platforms.Build.0 = Debug|Any CPU
		{B099C1C7-3FF3-4C72-B7FE-B9604875994E}.Debug|Win32.ActiveCfg = Debug|Any CPU
		{B099C1C7-3FF3-4C72-B7FE-B9604875994E}.Debug|x64.ActiveCfg = Debug|Any CPU
		{B099C1C7-3FF3-4C72-B7FE-B9604875994E}.Debug|x86.ActiveCfg = Debug|Any CPU
		{B099C1C7-3FF3-4C72-B7FE-B9604875994E}.Release|Any CPU.ActiveCfg = Release|Any CPU
		{B099C1C7-3FF3-4C72-B7FE-B9604875994E}.Release|Any CPU.Build.0 = Release|Any CPU
		{B099C1C7-3FF3-4C72-B7FE-B9604875994E}.Release|ARM.ActiveCfg = Release|Any CPU
		{B099C1C7-3FF3-4C72-B7FE-B9604875994E}.Release|Mixed Platforms.ActiveCfg = Release|Any CPU
		{B099C1C7-3FF3-4C72-B7FE-B9604875994E}.Release|Mixed Platforms.Build.0 = Release|Any CPU
		{B099C1C7-3FF3-4C72-B7FE-B9604875994E}.Release|Win32.ActiveCfg = Release|Any CPU
		{B099C1C7-3FF3-4C72-B7FE-B9604875994E}.Release|x64.ActiveCfg = Release|Any CPU
		{B099C1C7-3FF3-4C72-B7FE-B9604875994E}.Release|x86.ActiveCfg = Release|Any CPU
		{E60C2CB1-CC08-4F78-BD70-D8ADA2501E2D}.Debug|Any CPU.ActiveCfg = Debug|Any CPU
		{E60C2CB1-CC08-4F78-BD70-D8ADA2501E2D}.Debug|Any CPU.Build.0 = Debug|Any CPU
		{E60C2CB1-CC08-4F78-BD70-D8ADA2501E2D}.Debug|ARM.ActiveCfg = Debug|Any CPU
		{E60C2CB1-CC08-4F78-BD70-D8ADA2501E2D}.Debug|Mixed Platforms.ActiveCfg = Debug|Any CPU
		{E60C2CB1-CC08-4F78-BD70-D8ADA2501E2D}.Debug|Mixed Platforms.Build.0 = Debug|Any CPU
		{E60C2CB1-CC08-4F78-BD70-D8ADA2501E2D}.Debug|Win32.ActiveCfg = Debug|Any CPU
		{E60C2CB1-CC08-4F78-BD70-D8ADA2501E2D}.Debug|x64.ActiveCfg = Debug|Any CPU
		{E60C2CB1-CC08-4F78-BD70-D8ADA2501E2D}.Debug|x86.ActiveCfg = Debug|Any CPU
		{E60C2CB1-CC08-4F78-BD70-D8ADA2501E2D}.Release|Any CPU.ActiveCfg = Release|Any CPU
		{E60C2CB1-CC08-4F78-BD70-D8ADA2501E2D}.Release|Any CPU.Build.0 = Release|Any CPU
		{E60C2CB1-CC08-4F78-BD70-D8ADA2501E2D}.Release|ARM.ActiveCfg = Release|Any CPU
		{E60C2CB1-CC08-4F78-BD70-D8ADA2501E2D}.Release|Mixed Platforms.ActiveCfg = Release|Any CPU
		{E60C2CB1-CC08-4F78-BD70-D8ADA2501E2D}.Release|Mixed Platforms.Build.0 = Release|Any CPU
		{E60C2CB1-CC08-4F78-BD70-D8ADA2501E2D}.Release|Win32.ActiveCfg = Release|Any CPU
		{E60C2CB1-CC08-4F78-BD70-D8ADA2501E2D}.Release|x64.ActiveCfg = Release|Any CPU
		{E60C2CB1-CC08-4F78-BD70-D8ADA2501E2D}.Release|x86.ActiveCfg = Release|Any CPU
		{0DD1F107-07BA-4455-A9A9-827C8FD8B255}.Debug|Any CPU.ActiveCfg = Debug|Any CPU
		{0DD1F107-07BA-4455-A9A9-827C8FD8B255}.Debug|Any CPU.Build.0 = Debug|Any CPU
		{0DD1F107-07BA-4455-A9A9-827C8FD8B255}.Debug|ARM.ActiveCfg = Debug|Any CPU
		{0DD1F107-07BA-4455-A9A9-827C8FD8B255}.Debug|Mixed Platforms.ActiveCfg = Debug|Any CPU
		{0DD1F107-07BA-4455-A9A9-827C8FD8B255}.Debug|Mixed Platforms.Build.0 = Debug|Any CPU
		{0DD1F107-07BA-4455-A9A9-827C8FD8B255}.Debug|Win32.ActiveCfg = Debug|Any CPU
		{0DD1F107-07BA-4455-A9A9-827C8FD8B255}.Debug|x64.ActiveCfg = Debug|Any CPU
		{0DD1F107-07BA-4455-A9A9-827C8FD8B255}.Debug|x86.ActiveCfg = Debug|Any CPU
		{0DD1F107-07BA-4455-A9A9-827C8FD8B255}.Release|Any CPU.ActiveCfg = Release|Any CPU
		{0DD1F107-07BA-4455-A9A9-827C8FD8B255}.Release|Any CPU.Build.0 = Release|Any CPU
		{0DD1F107-07BA-4455-A9A9-827C8FD8B255}.Release|ARM.ActiveCfg = Release|Any CPU
		{0DD1F107-07BA-4455-A9A9-827C8FD8B255}.Release|Mixed Platforms.ActiveCfg = Release|Any CPU
		{0DD1F107-07BA-4455-A9A9-827C8FD8B255}.Release|Mixed Platforms.Build.0 = Release|Any CPU
		{0DD1F107-07BA-4455-A9A9-827C8FD8B255}.Release|Win32.ActiveCfg = Release|Any CPU
		{0DD1F107-07BA-4455-A9A9-827C8FD8B255}.Release|x64.ActiveCfg = Release|Any CPU
		{0DD1F107-07BA-4455-A9A9-827C8FD8B255}.Release|x86.ActiveCfg = Release|Any CPU
		{76BFE88D-0563-4897-B242-58CEEBA93431}.Debug|Any CPU.ActiveCfg = Debug|Any CPU
		{76BFE88D-0563-4897-B242-58CEEBA93431}.Debug|Any CPU.Build.0 = Debug|Any CPU
		{76BFE88D-0563-4897-B242-58CEEBA93431}.Debug|ARM.ActiveCfg = Debug|Any CPU
		{76BFE88D-0563-4897-B242-58CEEBA93431}.Debug|Mixed Platforms.ActiveCfg = Debug|Any CPU
		{76BFE88D-0563-4897-B242-58CEEBA93431}.Debug|Mixed Platforms.Build.0 = Debug|Any CPU
		{76BFE88D-0563-4897-B242-58CEEBA93431}.Debug|Win32.ActiveCfg = Debug|Any CPU
		{76BFE88D-0563-4897-B242-58CEEBA93431}.Debug|x64.ActiveCfg = Debug|Any CPU
		{76BFE88D-0563-4897-B242-58CEEBA93431}.Debug|x86.ActiveCfg = Debug|Any CPU
		{76BFE88D-0563-4897-B242-58CEEBA93431}.Release|Any CPU.ActiveCfg = Release|Any CPU
		{76BFE88D-0563-4897-B242-58CEEBA93431}.Release|Any CPU.Build.0 = Release|Any CPU
		{76BFE88D-0563-4897-B242-58CEEBA93431}.Release|ARM.ActiveCfg = Release|Any CPU
		{76BFE88D-0563-4897-B242-58CEEBA93431}.Release|Mixed Platforms.ActiveCfg = Release|Any CPU
		{76BFE88D-0563-4897-B242-58CEEBA93431}.Release|Mixed Platforms.Build.0 = Release|Any CPU
		{76BFE88D-0563-4897-B242-58CEEBA93431}.Release|Win32.ActiveCfg = Release|Any CPU
		{76BFE88D-0563-4897-B242-58CEEBA93431}.Release|x64.ActiveCfg = Release|Any CPU
		{76BFE88D-0563-4897-B242-58CEEBA93431}.Release|x86.ActiveCfg = Release|Any CPU
		{0B59FB24-E9A6-4B59-AFF0-DF537AB5270B}.Debug|Any CPU.ActiveCfg = Debug|Any CPU
		{0B59FB24-E9A6-4B59-AFF0-DF537AB5270B}.Debug|Any CPU.Build.0 = Debug|Any CPU
		{0B59FB24-E9A6-4B59-AFF0-DF537AB5270B}.Debug|ARM.ActiveCfg = Debug|Any CPU
		{0B59FB24-E9A6-4B59-AFF0-DF537AB5270B}.Debug|Mixed Platforms.ActiveCfg = Debug|Any CPU
		{0B59FB24-E9A6-4B59-AFF0-DF537AB5270B}.Debug|Mixed Platforms.Build.0 = Debug|Any CPU
		{0B59FB24-E9A6-4B59-AFF0-DF537AB5270B}.Debug|Win32.ActiveCfg = Debug|Any CPU
		{0B59FB24-E9A6-4B59-AFF0-DF537AB5270B}.Debug|x64.ActiveCfg = Debug|Any CPU
		{0B59FB24-E9A6-4B59-AFF0-DF537AB5270B}.Debug|x86.ActiveCfg = Debug|Any CPU
		{0B59FB24-E9A6-4B59-AFF0-DF537AB5270B}.Release|Any CPU.ActiveCfg = Release|Any CPU
		{0B59FB24-E9A6-4B59-AFF0-DF537AB5270B}.Release|Any CPU.Build.0 = Release|Any CPU
		{0B59FB24-E9A6-4B59-AFF0-DF537AB5270B}.Release|ARM.ActiveCfg = Release|Any CPU
		{0B59FB24-E9A6-4B59-AFF0-DF537AB5270B}.Release|Mixed Platforms.ActiveCfg = Release|Any CPU
		{0B59FB24-E9A6-4B59-AFF0-DF537AB5270B}.Release|Mixed Platforms.Build.0 = Release|Any CPU
		{0B59FB24-E9A6-4B59-AFF0-DF537AB5270B}.Release|Win32.ActiveCfg = Release|Any CPU
		{0B59FB24-E9A6-4B59-AFF0-DF537AB5270B}.Release|x64.ActiveCfg = Release|Any CPU
		{0B59FB24-E9A6-4B59-AFF0-DF537AB5270B}.Release|x86.ActiveCfg = Release|Any CPU
		{33DB7D58-46C8-4756-B7AC-39994422188E}.Debug|Any CPU.ActiveCfg = Debug|Any CPU
		{33DB7D58-46C8-4756-B7AC-39994422188E}.Debug|Any CPU.Build.0 = Debug|Any CPU
		{33DB7D58-46C8-4756-B7AC-39994422188E}.Debug|ARM.ActiveCfg = Debug|Any CPU
		{33DB7D58-46C8-4756-B7AC-39994422188E}.Debug|Mixed Platforms.ActiveCfg = Debug|Any CPU
		{33DB7D58-46C8-4756-B7AC-39994422188E}.Debug|Mixed Platforms.Build.0 = Debug|Any CPU
		{33DB7D58-46C8-4756-B7AC-39994422188E}.Debug|Win32.ActiveCfg = Debug|Any CPU
		{33DB7D58-46C8-4756-B7AC-39994422188E}.Debug|x64.ActiveCfg = Debug|Any CPU
		{33DB7D58-46C8-4756-B7AC-39994422188E}.Debug|x86.ActiveCfg = Debug|Any CPU
		{33DB7D58-46C8-4756-B7AC-39994422188E}.Release|Any CPU.ActiveCfg = Release|Any CPU
		{33DB7D58-46C8-4756-B7AC-39994422188E}.Release|Any CPU.Build.0 = Release|Any CPU
		{33DB7D58-46C8-4756-B7AC-39994422188E}.Release|ARM.ActiveCfg = Release|Any CPU
		{33DB7D58-46C8-4756-B7AC-39994422188E}.Release|Mixed Platforms.ActiveCfg = Release|Any CPU
		{33DB7D58-46C8-4756-B7AC-39994422188E}.Release|Mixed Platforms.Build.0 = Release|Any CPU
		{33DB7D58-46C8-4756-B7AC-39994422188E}.Release|Win32.ActiveCfg = Release|Any CPU
		{33DB7D58-46C8-4756-B7AC-39994422188E}.Release|x64.ActiveCfg = Release|Any CPU
		{33DB7D58-46C8-4756-B7AC-39994422188E}.Release|x86.ActiveCfg = Release|Any CPU
		{C4FBD2FD-EA17-4F5C-B240-FDC9E8826DC0}.Debug|Any CPU.ActiveCfg = Debug|Any CPU
		{C4FBD2FD-EA17-4F5C-B240-FDC9E8826DC0}.Debug|Any CPU.Build.0 = Debug|Any CPU
		{C4FBD2FD-EA17-4F5C-B240-FDC9E8826DC0}.Debug|ARM.ActiveCfg = Debug|Any CPU
		{C4FBD2FD-EA17-4F5C-B240-FDC9E8826DC0}.Debug|Mixed Platforms.ActiveCfg = Debug|Any CPU
		{C4FBD2FD-EA17-4F5C-B240-FDC9E8826DC0}.Debug|Mixed Platforms.Build.0 = Debug|Any CPU
		{C4FBD2FD-EA17-4F5C-B240-FDC9E8826DC0}.Debug|Win32.ActiveCfg = Debug|Any CPU
		{C4FBD2FD-EA17-4F5C-B240-FDC9E8826DC0}.Debug|x64.ActiveCfg = Debug|Any CPU
		{C4FBD2FD-EA17-4F5C-B240-FDC9E8826DC0}.Debug|x86.ActiveCfg = Debug|Any CPU
		{C4FBD2FD-EA17-4F5C-B240-FDC9E8826DC0}.Release|Any CPU.ActiveCfg = Release|Any CPU
		{C4FBD2FD-EA17-4F5C-B240-FDC9E8826DC0}.Release|Any CPU.Build.0 = Release|Any CPU
		{C4FBD2FD-EA17-4F5C-B240-FDC9E8826DC0}.Release|ARM.ActiveCfg = Release|Any CPU
		{C4FBD2FD-EA17-4F5C-B240-FDC9E8826DC0}.Release|Mixed Platforms.ActiveCfg = Release|Any CPU
		{C4FBD2FD-EA17-4F5C-B240-FDC9E8826DC0}.Release|Mixed Platforms.Build.0 = Release|Any CPU
		{C4FBD2FD-EA17-4F5C-B240-FDC9E8826DC0}.Release|Win32.ActiveCfg = Release|Any CPU
		{C4FBD2FD-EA17-4F5C-B240-FDC9E8826DC0}.Release|x64.ActiveCfg = Release|Any CPU
		{C4FBD2FD-EA17-4F5C-B240-FDC9E8826DC0}.Release|x86.ActiveCfg = Release|Any CPU
		{02880AEB-7ECB-4F06-8281-A66DAF84E2F8}.Debug|Any CPU.ActiveCfg = Debug|Any CPU
		{02880AEB-7ECB-4F06-8281-A66DAF84E2F8}.Debug|Any CPU.Build.0 = Debug|Any CPU
		{02880AEB-7ECB-4F06-8281-A66DAF84E2F8}.Debug|ARM.ActiveCfg = Debug|Any CPU
		{02880AEB-7ECB-4F06-8281-A66DAF84E2F8}.Debug|Mixed Platforms.ActiveCfg = Debug|Any CPU
		{02880AEB-7ECB-4F06-8281-A66DAF84E2F8}.Debug|Mixed Platforms.Build.0 = Debug|Any CPU
		{02880AEB-7ECB-4F06-8281-A66DAF84E2F8}.Debug|Win32.ActiveCfg = Debug|Any CPU
		{02880AEB-7ECB-4F06-8281-A66DAF84E2F8}.Debug|x64.ActiveCfg = Debug|Any CPU
		{02880AEB-7ECB-4F06-8281-A66DAF84E2F8}.Debug|x86.ActiveCfg = Debug|Any CPU
		{02880AEB-7ECB-4F06-8281-A66DAF84E2F8}.Release|Any CPU.ActiveCfg = Release|Any CPU
		{02880AEB-7ECB-4F06-8281-A66DAF84E2F8}.Release|Any CPU.Build.0 = Release|Any CPU
		{02880AEB-7ECB-4F06-8281-A66DAF84E2F8}.Release|ARM.ActiveCfg = Release|Any CPU
		{02880AEB-7ECB-4F06-8281-A66DAF84E2F8}.Release|Mixed Platforms.ActiveCfg = Release|Any CPU
		{02880AEB-7ECB-4F06-8281-A66DAF84E2F8}.Release|Mixed Platforms.Build.0 = Release|Any CPU
		{02880AEB-7ECB-4F06-8281-A66DAF84E2F8}.Release|Win32.ActiveCfg = Release|Any CPU
		{02880AEB-7ECB-4F06-8281-A66DAF84E2F8}.Release|x64.ActiveCfg = Release|Any CPU
		{02880AEB-7ECB-4F06-8281-A66DAF84E2F8}.Release|x86.ActiveCfg = Release|Any CPU
		{0614470A-407A-44E0-A821-FF692D63113F}.Debug|Any CPU.ActiveCfg = Debug|Any CPU
		{0614470A-407A-44E0-A821-FF692D63113F}.Debug|Any CPU.Build.0 = Debug|Any CPU
		{0614470A-407A-44E0-A821-FF692D63113F}.Debug|ARM.ActiveCfg = Debug|Any CPU
		{0614470A-407A-44E0-A821-FF692D63113F}.Debug|Mixed Platforms.ActiveCfg = Debug|Any CPU
		{0614470A-407A-44E0-A821-FF692D63113F}.Debug|Mixed Platforms.Build.0 = Debug|Any CPU
		{0614470A-407A-44E0-A821-FF692D63113F}.Debug|Win32.ActiveCfg = Debug|Any CPU
		{0614470A-407A-44E0-A821-FF692D63113F}.Debug|x64.ActiveCfg = Debug|Any CPU
		{0614470A-407A-44E0-A821-FF692D63113F}.Debug|x86.ActiveCfg = Debug|Any CPU
		{0614470A-407A-44E0-A821-FF692D63113F}.Release|Any CPU.ActiveCfg = Release|Any CPU
		{0614470A-407A-44E0-A821-FF692D63113F}.Release|Any CPU.Build.0 = Release|Any CPU
		{0614470A-407A-44E0-A821-FF692D63113F}.Release|ARM.ActiveCfg = Release|Any CPU
		{0614470A-407A-44E0-A821-FF692D63113F}.Release|Mixed Platforms.ActiveCfg = Release|Any CPU
		{0614470A-407A-44E0-A821-FF692D63113F}.Release|Mixed Platforms.Build.0 = Release|Any CPU
		{0614470A-407A-44E0-A821-FF692D63113F}.Release|Win32.ActiveCfg = Release|Any CPU
		{0614470A-407A-44E0-A821-FF692D63113F}.Release|x64.ActiveCfg = Release|Any CPU
		{0614470A-407A-44E0-A821-FF692D63113F}.Release|x86.ActiveCfg = Release|Any CPU
	EndGlobalSection
	GlobalSection(SolutionProperties) = preSolution
		HideSolutionNode = FALSE
	EndGlobalSection
	GlobalSection(NestedProjects) = preSolution
		{ED0E3D5F-5650-4250-85E8-568D8FF92F3F} = {B33B7725-3735-4693-A3E1-77A0972BE758}
		{59BEB27B-8C75-4E30-A0D1-5ED336038C3C} = {259E8A59-B554-414A-8C5C-1A9BE5AE4B45}
		{4459A5F9-CBF5-42D3-86DD-9CDCCBEEADC2} = {259E8A59-B554-414A-8C5C-1A9BE5AE4B45}
		{E8232612-EA44-4F4B-823C-B4C98EFB6342} = {259E8A59-B554-414A-8C5C-1A9BE5AE4B45}
		{1D8E7A1E-95BF-4052-B60E-9D87CCF404F8} = {B33B7725-3735-4693-A3E1-77A0972BE758}
		{86DFE06A-EA16-4BAD-B04C-9B292F1A5789} = {B33B7725-3735-4693-A3E1-77A0972BE758}
		{DED400D9-CCFA-4883-AAA7-4F0D08C9D1FD} = {B33B7725-3735-4693-A3E1-77A0972BE758}
		{96102582-0ABB-46BB-8451-D43ADF63F594} = {259E8A59-B554-414A-8C5C-1A9BE5AE4B45}
		{A7577975-54ED-4521-997B-6FACD396DAD9} = {259E8A59-B554-414A-8C5C-1A9BE5AE4B45}
		{B099C1C7-3FF3-4C72-B7FE-B9604875994E} = {B33B7725-3735-4693-A3E1-77A0972BE758}
		{E60C2CB1-CC08-4F78-BD70-D8ADA2501E2D} = {33616543-EF8C-4B57-8DB4-AA92E70CB861}
		{0DD1F107-07BA-4455-A9A9-827C8FD8B255} = {33616543-EF8C-4B57-8DB4-AA92E70CB861}
		{76BFE88D-0563-4897-B242-58CEEBA93431} = {33616543-EF8C-4B57-8DB4-AA92E70CB861}
		{0B59FB24-E9A6-4B59-AFF0-DF537AB5270B} = {33616543-EF8C-4B57-8DB4-AA92E70CB861}
		{33DB7D58-46C8-4756-B7AC-39994422188E} = {33616543-EF8C-4B57-8DB4-AA92E70CB861}
		{C4FBD2FD-EA17-4F5C-B240-FDC9E8826DC0} = {ABE8D572-6E86-4C84-A833-BCF76BE025F0}
		{02880AEB-7ECB-4F06-8281-A66DAF84E2F8} = {ABE8D572-6E86-4C84-A833-BCF76BE025F0}
		{0614470A-407A-44E0-A821-FF692D63113F} = {ABE8D572-6E86-4C84-A833-BCF76BE025F0}
	EndGlobalSection
EndGlobal
