
Microsoft Visual Studio Solution File, Format Version 12.00
# Visual Studio 2013
Project("{2150E333-8FDC-42A3-9474-1A3956D46DE8}") = "App1", "App1", "{8F76AF06-3919-4F95-A4BF-2F7B8BAD8B8E}"
EndProject
Project("{D954291E-2A0B-460D-934E-DC6B0785DB48}") = "App1.Shared", "App1\App1.Shared\App1.Shared.shproj", "{79C65B98-D932-43C7-AE00-3385368EC473}"
EndProject
Project("{FAE04EC0-301F-11D3-BF4B-00C04F79EFBC}") = "App1.Windows", "App1\App1.Windows\App1.Windows.csproj", "{6A35AAD9-962F-4CD8-ABAE-0E2F53BD9ABB}"
EndProject
Project("{FAE04EC0-301F-11D3-BF4B-00C04F79EFBC}") = "App1.WindowsPhone", "App1\App1.WindowsPhone\App1.WindowsPhone.csproj", "{A8A39992-9B5D-49CD-BD71-6B3F8AE6F7FB}"
EndProject
Global
	GlobalSection(SolutionConfigurationPlatforms) = preSolution
		Debug|Any CPU = Debug|Any CPU
		Debug|ARM = Debug|ARM
		Debug|x64 = Debug|x64
		Debug|x86 = Debug|x86
		Release|Any CPU = Release|Any CPU
		Release|ARM = Release|ARM
		Release|x64 = Release|x64
		Release|x86 = Release|x86
	EndGlobalSection
	GlobalSection(ProjectConfigurationPlatforms) = postSolution
		{6A35AAD9-962F-4CD8-ABAE-0E2F53BD9ABB}.Debug|Any CPU.ActiveCfg = Debug|Any CPU
		{6A35AAD9-962F-4CD8-ABAE-0E2F53BD9ABB}.Debug|Any CPU.Build.0 = Debug|Any CPU
		{6A35AAD9-962F-4CD8-ABAE-0E2F53BD9ABB}.Debug|Any CPU.Deploy.0 = Debug|Any CPU
		{6A35AAD9-962F-4CD8-ABAE-0E2F53BD9ABB}.Debug|ARM.ActiveCfg = Debug|ARM
		{6A35AAD9-962F-4CD8-ABAE-0E2F53BD9ABB}.Debug|ARM.Build.0 = Debug|ARM
		{6A35AAD9-962F-4CD8-ABAE-0E2F53BD9ABB}.Debug|ARM.Deploy.0 = Debug|ARM
		{6A35AAD9-962F-4CD8-ABAE-0E2F53BD9ABB}.Debug|x64.ActiveCfg = Debug|x64
		{6A35AAD9-962F-4CD8-ABAE-0E2F53BD9ABB}.Debug|x64.Build.0 = Debug|x64
		{6A35AAD9-962F-4CD8-ABAE-0E2F53BD9ABB}.Debug|x64.Deploy.0 = Debug|x64
		{6A35AAD9-962F-4CD8-ABAE-0E2F53BD9ABB}.Debug|x86.ActiveCfg = Debug|x86
		{6A35AAD9-962F-4CD8-ABAE-0E2F53BD9ABB}.Debug|x86.Build.0 = Debug|x86
		{6A35AAD9-962F-4CD8-ABAE-0E2F53BD9ABB}.Debug|x86.Deploy.0 = Debug|x86
		{6A35AAD9-962F-4CD8-ABAE-0E2F53BD9ABB}.Release|Any CPU.ActiveCfg = Release|Any CPU
		{6A35AAD9-962F-4CD8-ABAE-0E2F53BD9ABB}.Release|Any CPU.Build.0 = Release|Any CPU
		{6A35AAD9-962F-4CD8-ABAE-0E2F53BD9ABB}.Release|Any CPU.Deploy.0 = Release|Any CPU
		{6A35AAD9-962F-4CD8-ABAE-0E2F53BD9ABB}.Release|ARM.ActiveCfg = Release|ARM
		{6A35AAD9-962F-4CD8-ABAE-0E2F53BD9ABB}.Release|ARM.Build.0 = Release|ARM
		{6A35AAD9-962F-4CD8-ABAE-0E2F53BD9ABB}.Release|ARM.Deploy.0 = Release|ARM
		{6A35AAD9-962F-4CD8-ABAE-0E2F53BD9ABB}.Release|x64.ActiveCfg = Release|x64
		{6A35AAD9-962F-4CD8-ABAE-0E2F53BD9ABB}.Release|x64.Build.0 = Release|x64
		{6A35AAD9-962F-4CD8-ABAE-0E2F53BD9ABB}.Release|x64.Deploy.0 = Release|x64
		{6A35AAD9-962F-4CD8-ABAE-0E2F53BD9ABB}.Release|x86.ActiveCfg = Release|x86
		{6A35AAD9-962F-4CD8-ABAE-0E2F53BD9ABB}.Release|x86.Build.0 = Release|x86
		{6A35AAD9-962F-4CD8-ABAE-0E2F53BD9ABB}.Release|x86.Deploy.0 = Release|x86
		{A8A39992-9B5D-49CD-BD71-6B3F8AE6F7FB}.Debug|Any CPU.ActiveCfg = Debug|Any CPU
		{A8A39992-9B5D-49CD-BD71-6B3F8AE6F7FB}.Debug|Any CPU.Build.0 = Debug|Any CPU
		{A8A39992-9B5D-49CD-BD71-6B3F8AE6F7FB}.Debug|Any CPU.Deploy.0 = Debug|Any CPU
		{A8A39992-9B5D-49CD-BD71-6B3F8AE6F7FB}.Debug|ARM.ActiveCfg = Debug|ARM
		{A8A39992-9B5D-49CD-BD71-6B3F8AE6F7FB}.Debug|ARM.Build.0 = Debug|ARM
		{A8A39992-9B5D-49CD-BD71-6B3F8AE6F7FB}.Debug|ARM.Deploy.0 = Debug|ARM
		{A8A39992-9B5D-49CD-BD71-6B3F8AE6F7FB}.Debug|x64.ActiveCfg = Debug|x86
		{A8A39992-9B5D-49CD-BD71-6B3F8AE6F7FB}.Debug|x64.Build.0 = Debug|x86
		{A8A39992-9B5D-49CD-BD71-6B3F8AE6F7FB}.Debug|x64.Deploy.0 = Debug|x86
		{A8A39992-9B5D-49CD-BD71-6B3F8AE6F7FB}.Debug|x86.ActiveCfg = Debug|x86
		{A8A39992-9B5D-49CD-BD71-6B3F8AE6F7FB}.Debug|x86.Build.0 = Debug|x86
		{A8A39992-9B5D-49CD-BD71-6B3F8AE6F7FB}.Debug|x86.Deploy.0 = Debug|x86
		{A8A39992-9B5D-49CD-BD71-6B3F8AE6F7FB}.Release|Any CPU.ActiveCfg = Release|Any CPU
		{A8A39992-9B5D-49CD-BD71-6B3F8AE6F7FB}.Release|Any CPU.Build.0 = Release|Any CPU
		{A8A39992-9B5D-49CD-BD71-6B3F8AE6F7FB}.Release|Any CPU.Deploy.0 = Release|Any CPU
		{A8A39992-9B5D-49CD-BD71-6B3F8AE6F7FB}.Release|ARM.ActiveCfg = Release|ARM
		{A8A39992-9B5D-49CD-BD71-6B3F8AE6F7FB}.Release|ARM.Build.0 = Release|ARM
		{A8A39992-9B5D-49CD-BD71-6B3F8AE6F7FB}.Release|ARM.Deploy.0 = Release|ARM
		{A8A39992-9B5D-49CD-BD71-6B3F8AE6F7FB}.Release|x64.ActiveCfg = Release|x86
		{A8A39992-9B5D-49CD-BD71-6B3F8AE6F7FB}.Release|x64.Build.0 = Release|x86
		{A8A39992-9B5D-49CD-BD71-6B3F8AE6F7FB}.Release|x64.Deploy.0 = Release|x86
		{A8A39992-9B5D-49CD-BD71-6B3F8AE6F7FB}.Release|x86.ActiveCfg = Release|x86
		{A8A39992-9B5D-49CD-BD71-6B3F8AE6F7FB}.Release|x86.Build.0 = Release|x86
		{A8A39992-9B5D-49CD-BD71-6B3F8AE6F7FB}.Release|x86.Deploy.0 = Release|x86
	EndGlobalSection
	GlobalSection(NestedProjects) = preSolution
		{6A35AAD9-962F-4CD8-ABAE-0E2F53BD9ABB} = {8F76AF06-3919-4F95-A4BF-2F7B8BAD8B8E}
		{79C65B98-D932-43C7-AE00-3385368EC473} = {8F76AF06-3919-4F95-A4BF-2F7B8BAD8B8E}
		{A8A39992-9B5D-49CD-BD71-6B3F8AE6F7FB} = {8F76AF06-3919-4F95-A4BF-2F7B8BAD8B8E}
	EndGlobalSection
EndGlobal
