
Microsoft Visual Studio Solution File, Format Version 12.00
# Visual Studio 14
VisualStudioVersion = 14.0.25123.0
MinimumVisualStudioVersion = 10.0.40219.1
Project("{FAE04EC0-301F-11D3-BF4B-00C04F79EFBC}") = "MinskTrans.Universal.WindowsPhone", "..\MinskTrans.Universal\MinskTrans.Universal.WindowsPhone\MinskTrans.Universal.WindowsPhone.csproj", "{E8232612-EA44-4F4B-823C-B4C98EFB6342}"
EndProject
Project("{D954291E-2A0B-460D-934E-DC6B0785DB48}") = "MinskTrans.Universal.Shared", "..\MinskTrans.Universal\MinskTrans.Universal.Shared\MinskTrans.Universal.Shared.shproj", "{59BEB27B-8C75-4E30-A0D1-5ED336038C3C}"
EndProject
Project("{2150E333-8FDC-42A3-9474-1A3956D46DE8}") = "Windows 8.1", "Windows 8.1", "{4AFA91DD-875C-47CB-835B-2EF4FCD6A66E}"
EndProject
Project("{FAE04EC0-301F-11D3-BF4B-00C04F79EFBC}") = "CommonLibrary", "..\CommonLibrary\CommonLibrary.csproj", "{A7577975-54ED-4521-997B-6FACD396DAD9}"
EndProject
Project("{FAE04EC0-301F-11D3-BF4B-00C04F79EFBC}") = "BackgroundUpdateTask", "..\BackgroundUpdateTask\BackgroundUpdateTask.csproj", "{96102582-0ABB-46BB-8451-D43ADF63F594}"
EndProject
Project("{2150E333-8FDC-42A3-9474-1A3956D46DE8}") = "Windows 10", "Windows 10", "{90EA039D-37AC-4D93-A91B-42DF8AE25E15}"
EndProject
Project("{FAE04EC0-301F-11D3-BF4B-00C04F79EFBC}") = "PushNotificationServer", "..\PushNotificationServer\PushNotificationServer.csproj", "{CE5EA1DE-1629-4F11-99FD-8D4526BFE0E0}"
EndProject
Project("{FAE04EC0-301F-11D3-BF4B-00C04F79EFBC}") = "MinskTrans.DesctopClient", "..\MinskTrans\MinskTrans.DesctopClient.csproj", "{B0D150C2-9F62-4577-9A6F-970A67033CCC}"
EndProject
Project("{FAE04EC0-301F-11D3-BF4B-00C04F79EFBC}") = "DesktopUnitTests", "DesktopUnitTests\DesktopUnitTests.csproj", "{B099C1C7-3FF3-4C72-B7FE-B9604875994E}"
EndProject
Project("{2150E333-8FDC-42A3-9474-1A3956D46DE8}") = "UnitTests", "UnitTests", "{6EE3C10A-BEF6-4A73-B7D1-DAA9ECC5EC8D}"
EndProject
Project("{2150E333-8FDC-42A3-9474-1A3956D46DE8}") = "Libraries", "Libraries", "{D35DD1F8-A7E7-4A85-8E77-82C2C74E9F86}"
EndProject
Project("{FAE04EC0-301F-11D3-BF4B-00C04F79EFBC}") = "MinskTrans.Context", "..\MinskTrans.Context.Base\MinskTrans.Context.csproj", "{76BFE88D-0563-4897-B242-58CEEBA93431}"
EndProject
Project("{FAE04EC0-301F-11D3-BF4B-00C04F79EFBC}") = "UniversalMinskTransRelease", "UniversalMinskTransRelease\UniversalMinskTransRelease.csproj", "{8DAF65FC-578E-48E2-9DD3-ADCCFDA842F3}"
EndProject
Project("{FAE04EC0-301F-11D3-BF4B-00C04F79EFBC}") = "MinskTrans.Context.Desktop", "..\MinskTrans.Context.Desktop\MinskTrans.Context.Desktop.csproj", "{C4FBD2FD-EA17-4F5C-B240-FDC9E8826DC0}"
EndProject
Project("{FAE04EC0-301F-11D3-BF4B-00C04F79EFBC}") = "MinskTrans.Utilites.Desktop", "..\MinskTrans.Utilites.Desktop\MinskTrans.Utilites.Desktop.csproj", "{02880AEB-7ECB-4F06-8281-A66DAF84E2F8}"
EndProject
Project("{FAE04EC0-301F-11D3-BF4B-00C04F79EFBC}") = "BackgroundUpdateTaskUniversalRuntime", "BackgroundUpdateTaskUniversalRuntime\BackgroundUpdateTaskUniversalRuntime.csproj", "{9BE28BE3-37C6-4A93-8DF8-AC970EC3A650}"
EndProject
Project("{FAE04EC0-301F-11D3-BF4B-00C04F79EFBC}") = "MinskTrans.Data2", "MinskTrans.Data2\MinskTrans.Data2.csproj", "{8CA82DF2-8643-4DC4-B94E-805B632E4684}"
EndProject
Project("{FAE04EC0-301F-11D3-BF4B-00C04F79EFBC}") = "FileDbCache.WinRT", "..\Caching\FileDbCache.WinRT\FileDbCache.WinRT.csproj", "{C7BF2B18-CC74-430B-BCB2-600304EFA3D8}"
EndProject
Global
	GlobalSection(SharedMSBuildProjectFiles) = preSolution
		..\MinskTrans.Universal\MinskTrans.Universal.Shared\MinskTrans.Universal.Shared.projitems*{59beb27b-8c75-4e30-a0d1-5ed336038c3c}*SharedItemsImports = 13
		..\MinskTrans.Universal\MinskTrans.Universal.Shared\MinskTrans.Universal.Shared.projitems*{e8232612-ea44-4f4b-823c-b4c98efb6342}*SharedItemsImports = 4
		..\MinskTrans.Universal\MinskTrans.Universal.Shared\MinskTrans.Universal.Shared.projitems*{8daf65fc-578e-48e2-9dd3-adccfda842f3}*SharedItemsImports = 4
	EndGlobalSection
	GlobalSection(SolutionConfigurationPlatforms) = preSolution
		Debug|Any CPU = Debug|Any CPU
		Debug|ARM = Debug|ARM
		Debug|x64 = Debug|x64
		Debug|x86 = Debug|x86
		Release|Any CPU = Release|Any CPU
		Release|ARM = Release|ARM
		Release|x64 = Release|x64
		Release|x86 = Release|x86
	EndGlobalSection
	GlobalSection(ProjectConfigurationPlatforms) = postSolution
		{E8232612-EA44-4F4B-823C-B4C98EFB6342}.Debug|Any CPU.ActiveCfg = Debug|Any CPU
		{E8232612-EA44-4F4B-823C-B4C98EFB6342}.Debug|Any CPU.Build.0 = Debug|Any CPU
		{E8232612-EA44-4F4B-823C-B4C98EFB6342}.Debug|Any CPU.Deploy.0 = Debug|Any CPU
		{E8232612-EA44-4F4B-823C-B4C98EFB6342}.Debug|ARM.ActiveCfg = Debug|ARM
		{E8232612-EA44-4F4B-823C-B4C98EFB6342}.Debug|ARM.Build.0 = Debug|ARM
		{E8232612-EA44-4F4B-823C-B4C98EFB6342}.Debug|ARM.Deploy.0 = Debug|ARM
		{E8232612-EA44-4F4B-823C-B4C98EFB6342}.Debug|x64.ActiveCfg = Debug|Any CPU
		{E8232612-EA44-4F4B-823C-B4C98EFB6342}.Debug|x64.Build.0 = Debug|Any CPU
		{E8232612-EA44-4F4B-823C-B4C98EFB6342}.Debug|x64.Deploy.0 = Debug|Any CPU
		{E8232612-EA44-4F4B-823C-B4C98EFB6342}.Debug|x86.ActiveCfg = Debug|x86
		{E8232612-EA44-4F4B-823C-B4C98EFB6342}.Debug|x86.Build.0 = Debug|x86
		{E8232612-EA44-4F4B-823C-B4C98EFB6342}.Debug|x86.Deploy.0 = Debug|x86
		{E8232612-EA44-4F4B-823C-B4C98EFB6342}.Release|Any CPU.ActiveCfg = Release|Any CPU
		{E8232612-EA44-4F4B-823C-B4C98EFB6342}.Release|Any CPU.Build.0 = Release|Any CPU
		{E8232612-EA44-4F4B-823C-B4C98EFB6342}.Release|Any CPU.Deploy.0 = Release|Any CPU
		{E8232612-EA44-4F4B-823C-B4C98EFB6342}.Release|ARM.ActiveCfg = Release|ARM
		{E8232612-EA44-4F4B-823C-B4C98EFB6342}.Release|ARM.Build.0 = Release|ARM
		{E8232612-EA44-4F4B-823C-B4C98EFB6342}.Release|ARM.Deploy.0 = Release|ARM
		{E8232612-EA44-4F4B-823C-B4C98EFB6342}.Release|x64.ActiveCfg = Release|Any CPU
		{E8232612-EA44-4F4B-823C-B4C98EFB6342}.Release|x64.Build.0 = Release|Any CPU
		{E8232612-EA44-4F4B-823C-B4C98EFB6342}.Release|x64.Deploy.0 = Release|Any CPU
		{E8232612-EA44-4F4B-823C-B4C98EFB6342}.Release|x86.ActiveCfg = Release|x86
		{E8232612-EA44-4F4B-823C-B4C98EFB6342}.Release|x86.Build.0 = Release|x86
		{E8232612-EA44-4F4B-823C-B4C98EFB6342}.Release|x86.Deploy.0 = Release|x86
		{A7577975-54ED-4521-997B-6FACD396DAD9}.Debug|Any CPU.ActiveCfg = Debug|Any CPU
		{A7577975-54ED-4521-997B-6FACD396DAD9}.Debug|Any CPU.Build.0 = Debug|Any CPU
		{A7577975-54ED-4521-997B-6FACD396DAD9}.Debug|ARM.ActiveCfg = Debug|Any CPU
		{A7577975-54ED-4521-997B-6FACD396DAD9}.Debug|ARM.Build.0 = Debug|Any CPU
		{A7577975-54ED-4521-997B-6FACD396DAD9}.Debug|x64.ActiveCfg = Debug|Any CPU
		{A7577975-54ED-4521-997B-6FACD396DAD9}.Debug|x64.Build.0 = Debug|Any CPU
		{A7577975-54ED-4521-997B-6FACD396DAD9}.Debug|x86.ActiveCfg = Debug|Any CPU
		{A7577975-54ED-4521-997B-6FACD396DAD9}.Debug|x86.Build.0 = Debug|Any CPU
		{A7577975-54ED-4521-997B-6FACD396DAD9}.Release|Any CPU.ActiveCfg = Release|Any CPU
		{A7577975-54ED-4521-997B-6FACD396DAD9}.Release|Any CPU.Build.0 = Release|Any CPU
		{A7577975-54ED-4521-997B-6FACD396DAD9}.Release|ARM.ActiveCfg = Release|Any CPU
		{A7577975-54ED-4521-997B-6FACD396DAD9}.Release|ARM.Build.0 = Release|Any CPU
		{A7577975-54ED-4521-997B-6FACD396DAD9}.Release|x64.ActiveCfg = Release|Any CPU
		{A7577975-54ED-4521-997B-6FACD396DAD9}.Release|x64.Build.0 = Release|Any CPU
		{A7577975-54ED-4521-997B-6FACD396DAD9}.Release|x86.ActiveCfg = Release|Any CPU
		{A7577975-54ED-4521-997B-6FACD396DAD9}.Release|x86.Build.0 = Release|Any CPU
		{96102582-0ABB-46BB-8451-D43ADF63F594}.Debug|Any CPU.ActiveCfg = Debug|Any CPU
		{96102582-0ABB-46BB-8451-D43ADF63F594}.Debug|Any CPU.Build.0 = Debug|Any CPU
		{96102582-0ABB-46BB-8451-D43ADF63F594}.Debug|ARM.ActiveCfg = Debug|Any CPU
		{96102582-0ABB-46BB-8451-D43ADF63F594}.Debug|ARM.Build.0 = Debug|Any CPU
		{96102582-0ABB-46BB-8451-D43ADF63F594}.Debug|x64.ActiveCfg = Debug|Any CPU
		{96102582-0ABB-46BB-8451-D43ADF63F594}.Debug|x64.Build.0 = Debug|Any CPU
		{96102582-0ABB-46BB-8451-D43ADF63F594}.Debug|x86.ActiveCfg = Debug|Any CPU
		{96102582-0ABB-46BB-8451-D43ADF63F594}.Debug|x86.Build.0 = Debug|Any CPU
		{96102582-0ABB-46BB-8451-D43ADF63F594}.Release|Any CPU.ActiveCfg = Release|Any CPU
		{96102582-0ABB-46BB-8451-D43ADF63F594}.Release|Any CPU.Build.0 = Release|Any CPU
		{96102582-0ABB-46BB-8451-D43ADF63F594}.Release|ARM.ActiveCfg = Release|Any CPU
		{96102582-0ABB-46BB-8451-D43ADF63F594}.Release|ARM.Build.0 = Release|Any CPU
		{96102582-0ABB-46BB-8451-D43ADF63F594}.Release|x64.ActiveCfg = Release|Any CPU
		{96102582-0ABB-46BB-8451-D43ADF63F594}.Release|x64.Build.0 = Release|Any CPU
		{96102582-0ABB-46BB-8451-D43ADF63F594}.Release|x86.ActiveCfg = Release|Any CPU
		{96102582-0ABB-46BB-8451-D43ADF63F594}.Release|x86.Build.0 = Release|Any CPU
		{CE5EA1DE-1629-4F11-99FD-8D4526BFE0E0}.Debug|Any CPU.ActiveCfg = Debug|Any CPU
		{CE5EA1DE-1629-4F11-99FD-8D4526BFE0E0}.Debug|Any CPU.Build.0 = Debug|Any CPU
		{CE5EA1DE-1629-4F11-99FD-8D4526BFE0E0}.Debug|ARM.ActiveCfg = Debug|Any CPU
		{CE5EA1DE-1629-4F11-99FD-8D4526BFE0E0}.Debug|ARM.Build.0 = Debug|Any CPU
		{CE5EA1DE-1629-4F11-99FD-8D4526BFE0E0}.Debug|x64.ActiveCfg = Debug|Any CPU
		{CE5EA1DE-1629-4F11-99FD-8D4526BFE0E0}.Debug|x64.Build.0 = Debug|Any CPU
		{CE5EA1DE-1629-4F11-99FD-8D4526BFE0E0}.Debug|x86.ActiveCfg = Debug|Any CPU
		{CE5EA1DE-1629-4F11-99FD-8D4526BFE0E0}.Debug|x86.Build.0 = Debug|Any CPU
		{CE5EA1DE-1629-4F11-99FD-8D4526BFE0E0}.Release|Any CPU.ActiveCfg = Release|Any CPU
		{CE5EA1DE-1629-4F11-99FD-8D4526BFE0E0}.Release|Any CPU.Build.0 = Release|Any CPU
		{CE5EA1DE-1629-4F11-99FD-8D4526BFE0E0}.Release|ARM.ActiveCfg = Release|Any CPU
		{CE5EA1DE-1629-4F11-99FD-8D4526BFE0E0}.Release|ARM.Build.0 = Release|Any CPU
		{CE5EA1DE-1629-4F11-99FD-8D4526BFE0E0}.Release|x64.ActiveCfg = Release|Any CPU
		{CE5EA1DE-1629-4F11-99FD-8D4526BFE0E0}.Release|x64.Build.0 = Release|Any CPU
		{CE5EA1DE-1629-4F11-99FD-8D4526BFE0E0}.Release|x86.ActiveCfg = Release|Any CPU
		{CE5EA1DE-1629-4F11-99FD-8D4526BFE0E0}.Release|x86.Build.0 = Release|Any CPU
		{B0D150C2-9F62-4577-9A6F-970A67033CCC}.Debug|Any CPU.ActiveCfg = Debug|Any CPU
		{B0D150C2-9F62-4577-9A6F-970A67033CCC}.Debug|Any CPU.Build.0 = Debug|Any CPU
		{B0D150C2-9F62-4577-9A6F-970A67033CCC}.Debug|ARM.ActiveCfg = Debug|Any CPU
		{B0D150C2-9F62-4577-9A6F-970A67033CCC}.Debug|ARM.Build.0 = Debug|Any CPU
		{B0D150C2-9F62-4577-9A6F-970A67033CCC}.Debug|x64.ActiveCfg = Debug|Any CPU
		{B0D150C2-9F62-4577-9A6F-970A67033CCC}.Debug|x64.Build.0 = Debug|Any CPU
		{B0D150C2-9F62-4577-9A6F-970A67033CCC}.Debug|x86.ActiveCfg = Debug|Any CPU
		{B0D150C2-9F62-4577-9A6F-970A67033CCC}.Debug|x86.Build.0 = Debug|Any CPU
		{B0D150C2-9F62-4577-9A6F-970A67033CCC}.Release|Any CPU.ActiveCfg = Release|Any CPU
		{B0D150C2-9F62-4577-9A6F-970A67033CCC}.Release|Any CPU.Build.0 = Release|Any CPU
		{B0D150C2-9F62-4577-9A6F-970A67033CCC}.Release|ARM.ActiveCfg = Release|Any CPU
		{B0D150C2-9F62-4577-9A6F-970A67033CCC}.Release|ARM.Build.0 = Release|Any CPU
		{B0D150C2-9F62-4577-9A6F-970A67033CCC}.Release|x64.ActiveCfg = Release|Any CPU
		{B0D150C2-9F62-4577-9A6F-970A67033CCC}.Release|x64.Build.0 = Release|Any CPU
		{B0D150C2-9F62-4577-9A6F-970A67033CCC}.Release|x86.ActiveCfg = Release|Any CPU
		{B0D150C2-9F62-4577-9A6F-970A67033CCC}.Release|x86.Build.0 = Release|Any CPU
		{B099C1C7-3FF3-4C72-B7FE-B9604875994E}.Debug|Any CPU.ActiveCfg = Debug|Any CPU
		{B099C1C7-3FF3-4C72-B7FE-B9604875994E}.Debug|Any CPU.Build.0 = Debug|Any CPU
		{B099C1C7-3FF3-4C72-B7FE-B9604875994E}.Debug|ARM.ActiveCfg = Debug|Any CPU
		{B099C1C7-3FF3-4C72-B7FE-B9604875994E}.Debug|ARM.Build.0 = Debug|Any CPU
		{B099C1C7-3FF3-4C72-B7FE-B9604875994E}.Debug|x64.ActiveCfg = Debug|Any CPU
		{B099C1C7-3FF3-4C72-B7FE-B9604875994E}.Debug|x64.Build.0 = Debug|Any CPU
		{B099C1C7-3FF3-4C72-B7FE-B9604875994E}.Debug|x86.ActiveCfg = Debug|Any CPU
		{B099C1C7-3FF3-4C72-B7FE-B9604875994E}.Debug|x86.Build.0 = Debug|Any CPU
		{B099C1C7-3FF3-4C72-B7FE-B9604875994E}.Release|Any CPU.ActiveCfg = Release|Any CPU
		{B099C1C7-3FF3-4C72-B7FE-B9604875994E}.Release|Any CPU.Build.0 = Release|Any CPU
		{B099C1C7-3FF3-4C72-B7FE-B9604875994E}.Release|ARM.ActiveCfg = Release|Any CPU
		{B099C1C7-3FF3-4C72-B7FE-B9604875994E}.Release|ARM.Build.0 = Release|Any CPU
		{B099C1C7-3FF3-4C72-B7FE-B9604875994E}.Release|x64.ActiveCfg = Release|Any CPU
		{B099C1C7-3FF3-4C72-B7FE-B9604875994E}.Release|x64.Build.0 = Release|Any CPU
		{B099C1C7-3FF3-4C72-B7FE-B9604875994E}.Release|x86.ActiveCfg = Release|Any CPU
		{B099C1C7-3FF3-4C72-B7FE-B9604875994E}.Release|x86.Build.0 = Release|Any CPU
		{76BFE88D-0563-4897-B242-58CEEBA93431}.Debug|Any CPU.ActiveCfg = Debug|Any CPU
		{76BFE88D-0563-4897-B242-58CEEBA93431}.Debug|Any CPU.Build.0 = Debug|Any CPU
		{76BFE88D-0563-4897-B242-58CEEBA93431}.Debug|ARM.ActiveCfg = Debug|Any CPU
		{76BFE88D-0563-4897-B242-58CEEBA93431}.Debug|ARM.Build.0 = Debug|Any CPU
		{76BFE88D-0563-4897-B242-58CEEBA93431}.Debug|x64.ActiveCfg = Debug|Any CPU
		{76BFE88D-0563-4897-B242-58CEEBA93431}.Debug|x64.Build.0 = Debug|Any CPU
		{76BFE88D-0563-4897-B242-58CEEBA93431}.Debug|x86.ActiveCfg = Debug|Any CPU
		{76BFE88D-0563-4897-B242-58CEEBA93431}.Debug|x86.Build.0 = Debug|Any CPU
		{76BFE88D-0563-4897-B242-58CEEBA93431}.Release|Any CPU.ActiveCfg = Release|Any CPU
		{76BFE88D-0563-4897-B242-58CEEBA93431}.Release|Any CPU.Build.0 = Release|Any CPU
		{76BFE88D-0563-4897-B242-58CEEBA93431}.Release|ARM.ActiveCfg = Release|Any CPU
		{76BFE88D-0563-4897-B242-58CEEBA93431}.Release|ARM.Build.0 = Release|Any CPU
		{76BFE88D-0563-4897-B242-58CEEBA93431}.Release|x64.ActiveCfg = Release|Any CPU
		{76BFE88D-0563-4897-B242-58CEEBA93431}.Release|x64.Build.0 = Release|Any CPU
		{76BFE88D-0563-4897-B242-58CEEBA93431}.Release|x86.ActiveCfg = Release|Any CPU
		{76BFE88D-0563-4897-B242-58CEEBA93431}.Release|x86.Build.0 = Release|Any CPU
		{8DAF65FC-578E-48E2-9DD3-ADCCFDA842F3}.Debug|Any CPU.ActiveCfg = Debug|x86
		{8DAF65FC-578E-48E2-9DD3-ADCCFDA842F3}.Debug|ARM.ActiveCfg = Debug|ARM
		{8DAF65FC-578E-48E2-9DD3-ADCCFDA842F3}.Debug|ARM.Build.0 = Debug|ARM
		{8DAF65FC-578E-48E2-9DD3-ADCCFDA842F3}.Debug|ARM.Deploy.0 = Debug|ARM
		{8DAF65FC-578E-48E2-9DD3-ADCCFDA842F3}.Debug|x64.ActiveCfg = Debug|x64
		{8DAF65FC-578E-48E2-9DD3-ADCCFDA842F3}.Debug|x64.Build.0 = Debug|x64
		{8DAF65FC-578E-48E2-9DD3-ADCCFDA842F3}.Debug|x64.Deploy.0 = Debug|x64
		{8DAF65FC-578E-48E2-9DD3-ADCCFDA842F3}.Debug|x86.ActiveCfg = Debug|x86
		{8DAF65FC-578E-48E2-9DD3-ADCCFDA842F3}.Debug|x86.Build.0 = Debug|x86
		{8DAF65FC-578E-48E2-9DD3-ADCCFDA842F3}.Debug|x86.Deploy.0 = Debug|x86
		{8DAF65FC-578E-48E2-9DD3-ADCCFDA842F3}.Release|Any CPU.ActiveCfg = Release|x86
		{8DAF65FC-578E-48E2-9DD3-ADCCFDA842F3}.Release|ARM.ActiveCfg = Release|ARM
		{8DAF65FC-578E-48E2-9DD3-ADCCFDA842F3}.Release|ARM.Build.0 = Release|ARM
		{8DAF65FC-578E-48E2-9DD3-ADCCFDA842F3}.Release|ARM.Deploy.0 = Release|ARM
		{8DAF65FC-578E-48E2-9DD3-ADCCFDA842F3}.Release|x64.ActiveCfg = Release|x64
		{8DAF65FC-578E-48E2-9DD3-ADCCFDA842F3}.Release|x64.Build.0 = Release|x64
		{8DAF65FC-578E-48E2-9DD3-ADCCFDA842F3}.Release|x64.Deploy.0 = Release|x64
		{8DAF65FC-578E-48E2-9DD3-ADCCFDA842F3}.Release|x86.ActiveCfg = Release|x86
		{8DAF65FC-578E-48E2-9DD3-ADCCFDA842F3}.Release|x86.Build.0 = Release|x86
		{8DAF65FC-578E-48E2-9DD3-ADCCFDA842F3}.Release|x86.Deploy.0 = Release|x86
		{C4FBD2FD-EA17-4F5C-B240-FDC9E8826DC0}.Debug|Any CPU.ActiveCfg = Debug|Any CPU
		{C4FBD2FD-EA17-4F5C-B240-FDC9E8826DC0}.Debug|Any CPU.Build.0 = Debug|Any CPU
		{C4FBD2FD-EA17-4F5C-B240-FDC9E8826DC0}.Debug|ARM.ActiveCfg = Debug|Any CPU
		{C4FBD2FD-EA17-4F5C-B240-FDC9E8826DC0}.Debug|ARM.Build.0 = Debug|Any CPU
		{C4FBD2FD-EA17-4F5C-B240-FDC9E8826DC0}.Debug|x64.ActiveCfg = Debug|Any CPU
		{C4FBD2FD-EA17-4F5C-B240-FDC9E8826DC0}.Debug|x64.Build.0 = Debug|Any CPU
		{C4FBD2FD-EA17-4F5C-B240-FDC9E8826DC0}.Debug|x86.ActiveCfg = Debug|Any CPU
		{C4FBD2FD-EA17-4F5C-B240-FDC9E8826DC0}.Debug|x86.Build.0 = Debug|Any CPU
		{C4FBD2FD-EA17-4F5C-B240-FDC9E8826DC0}.Release|Any CPU.ActiveCfg = Release|Any CPU
		{C4FBD2FD-EA17-4F5C-B240-FDC9E8826DC0}.Release|Any CPU.Build.0 = Release|Any CPU
		{C4FBD2FD-EA17-4F5C-B240-FDC9E8826DC0}.Release|ARM.ActiveCfg = Release|Any CPU
		{C4FBD2FD-EA17-4F5C-B240-FDC9E8826DC0}.Release|ARM.Build.0 = Release|Any CPU
		{C4FBD2FD-EA17-4F5C-B240-FDC9E8826DC0}.Release|x64.ActiveCfg = Release|Any CPU
		{C4FBD2FD-EA17-4F5C-B240-FDC9E8826DC0}.Release|x64.Build.0 = Release|Any CPU
		{C4FBD2FD-EA17-4F5C-B240-FDC9E8826DC0}.Release|x86.ActiveCfg = Release|Any CPU
		{C4FBD2FD-EA17-4F5C-B240-FDC9E8826DC0}.Release|x86.Build.0 = Release|Any CPU
		{02880AEB-7ECB-4F06-8281-A66DAF84E2F8}.Debug|Any CPU.ActiveCfg = Debug|Any CPU
		{02880AEB-7ECB-4F06-8281-A66DAF84E2F8}.Debug|Any CPU.Build.0 = Debug|Any CPU
		{02880AEB-7ECB-4F06-8281-A66DAF84E2F8}.Debug|ARM.ActiveCfg = Debug|Any CPU
		{02880AEB-7ECB-4F06-8281-A66DAF84E2F8}.Debug|ARM.Build.0 = Debug|Any CPU
		{02880AEB-7ECB-4F06-8281-A66DAF84E2F8}.Debug|x64.ActiveCfg = Debug|Any CPU
		{02880AEB-7ECB-4F06-8281-A66DAF84E2F8}.Debug|x64.Build.0 = Debug|Any CPU
		{02880AEB-7ECB-4F06-8281-A66DAF84E2F8}.Debug|x86.ActiveCfg = Debug|Any CPU
		{02880AEB-7ECB-4F06-8281-A66DAF84E2F8}.Debug|x86.Build.0 = Debug|Any CPU
		{02880AEB-7ECB-4F06-8281-A66DAF84E2F8}.Release|Any CPU.ActiveCfg = Release|Any CPU
		{02880AEB-7ECB-4F06-8281-A66DAF84E2F8}.Release|Any CPU.Build.0 = Release|Any CPU
		{02880AEB-7ECB-4F06-8281-A66DAF84E2F8}.Release|ARM.ActiveCfg = Release|Any CPU
		{02880AEB-7ECB-4F06-8281-A66DAF84E2F8}.Release|ARM.Build.0 = Release|Any CPU
		{02880AEB-7ECB-4F06-8281-A66DAF84E2F8}.Release|x64.ActiveCfg = Release|Any CPU
		{02880AEB-7ECB-4F06-8281-A66DAF84E2F8}.Release|x64.Build.0 = Release|Any CPU
		{02880AEB-7ECB-4F06-8281-A66DAF84E2F8}.Release|x86.ActiveCfg = Release|Any CPU
		{02880AEB-7ECB-4F06-8281-A66DAF84E2F8}.Release|x86.Build.0 = Release|Any CPU
		{9BE28BE3-37C6-4A93-8DF8-AC970EC3A650}.Debug|Any CPU.ActiveCfg = Debug|Any CPU
		{9BE28BE3-37C6-4A93-8DF8-AC970EC3A650}.Debug|Any CPU.Build.0 = Debug|Any CPU
		{9BE28BE3-37C6-4A93-8DF8-AC970EC3A650}.Debug|ARM.ActiveCfg = Debug|ARM
		{9BE28BE3-37C6-4A93-8DF8-AC970EC3A650}.Debug|ARM.Build.0 = Debug|ARM
		{9BE28BE3-37C6-4A93-8DF8-AC970EC3A650}.Debug|x64.ActiveCfg = Debug|x64
		{9BE28BE3-37C6-4A93-8DF8-AC970EC3A650}.Debug|x64.Build.0 = Debug|x64
		{9BE28BE3-37C6-4A93-8DF8-AC970EC3A650}.Debug|x86.ActiveCfg = Debug|x86
		{9BE28BE3-37C6-4A93-8DF8-AC970EC3A650}.Debug|x86.Build.0 = Debug|x86
		{9BE28BE3-37C6-4A93-8DF8-AC970EC3A650}.Release|Any CPU.ActiveCfg = Release|Any CPU
		{9BE28BE3-37C6-4A93-8DF8-AC970EC3A650}.Release|Any CPU.Build.0 = Release|Any CPU
		{9BE28BE3-37C6-4A93-8DF8-AC970EC3A650}.Release|ARM.ActiveCfg = Release|ARM
		{9BE28BE3-37C6-4A93-8DF8-AC970EC3A650}.Release|ARM.Build.0 = Release|ARM
		{9BE28BE3-37C6-4A93-8DF8-AC970EC3A650}.Release|x64.ActiveCfg = Release|x64
		{9BE28BE3-37C6-4A93-8DF8-AC970EC3A650}.Release|x64.Build.0 = Release|x64
		{9BE28BE3-37C6-4A93-8DF8-AC970EC3A650}.Release|x86.ActiveCfg = Release|x86
		{9BE28BE3-37C6-4A93-8DF8-AC970EC3A650}.Release|x86.Build.0 = Release|x86
		{8CA82DF2-8643-4DC4-B94E-805B632E4684}.Debug|Any CPU.ActiveCfg = Debug|Any CPU
		{8CA82DF2-8643-4DC4-B94E-805B632E4684}.Debug|Any CPU.Build.0 = Debug|Any CPU
		{8CA82DF2-8643-4DC4-B94E-805B632E4684}.Debug|ARM.ActiveCfg = Debug|Any CPU
		{8CA82DF2-8643-4DC4-B94E-805B632E4684}.Debug|ARM.Build.0 = Debug|Any CPU
		{8CA82DF2-8643-4DC4-B94E-805B632E4684}.Debug|x64.ActiveCfg = Debug|Any CPU
		{8CA82DF2-8643-4DC4-B94E-805B632E4684}.Debug|x64.Build.0 = Debug|Any CPU
		{8CA82DF2-8643-4DC4-B94E-805B632E4684}.Debug|x86.ActiveCfg = Debug|Any CPU
		{8CA82DF2-8643-4DC4-B94E-805B632E4684}.Debug|x86.Build.0 = Debug|Any CPU
		{8CA82DF2-8643-4DC4-B94E-805B632E4684}.Release|Any CPU.ActiveCfg = Release|Any CPU
		{8CA82DF2-8643-4DC4-B94E-805B632E4684}.Release|Any CPU.Build.0 = Release|Any CPU
		{8CA82DF2-8643-4DC4-B94E-805B632E4684}.Release|ARM.ActiveCfg = Release|Any CPU
		{8CA82DF2-8643-4DC4-B94E-805B632E4684}.Release|ARM.Build.0 = Release|Any CPU
		{8CA82DF2-8643-4DC4-B94E-805B632E4684}.Release|x64.ActiveCfg = Release|Any CPU
		{8CA82DF2-8643-4DC4-B94E-805B632E4684}.Release|x64.Build.0 = Release|Any CPU
		{8CA82DF2-8643-4DC4-B94E-805B632E4684}.Release|x86.ActiveCfg = Release|Any CPU
		{8CA82DF2-8643-4DC4-B94E-805B632E4684}.Release|x86.Build.0 = Release|Any CPU
		{C7BF2B18-CC74-430B-BCB2-600304EFA3D8}.Debug|Any CPU.ActiveCfg = Debug|Any CPU
		{C7BF2B18-CC74-430B-BCB2-600304EFA3D8}.Debug|Any CPU.Build.0 = Debug|Any CPU
		{C7BF2B18-CC74-430B-BCB2-600304EFA3D8}.Debug|ARM.ActiveCfg = Debug|Any CPU
		{C7BF2B18-CC74-430B-BCB2-600304EFA3D8}.Debug|ARM.Build.0 = Debug|Any CPU
		{C7BF2B18-CC74-430B-BCB2-600304EFA3D8}.Debug|x64.ActiveCfg = Debug|Any CPU
		{C7BF2B18-CC74-430B-BCB2-600304EFA3D8}.Debug|x64.Build.0 = Debug|Any CPU
		{C7BF2B18-CC74-430B-BCB2-600304EFA3D8}.Debug|x86.ActiveCfg = Debug|Any CPU
		{C7BF2B18-CC74-430B-BCB2-600304EFA3D8}.Debug|x86.Build.0 = Debug|Any CPU
		{C7BF2B18-CC74-430B-BCB2-600304EFA3D8}.Release|Any CPU.ActiveCfg = Release|Any CPU
		{C7BF2B18-CC74-430B-BCB2-600304EFA3D8}.Release|Any CPU.Build.0 = Release|Any CPU
		{C7BF2B18-CC74-430B-BCB2-600304EFA3D8}.Release|ARM.ActiveCfg = Release|Any CPU
		{C7BF2B18-CC74-430B-BCB2-600304EFA3D8}.Release|ARM.Build.0 = Release|Any CPU
		{C7BF2B18-CC74-430B-BCB2-600304EFA3D8}.Release|x64.ActiveCfg = Release|Any CPU
		{C7BF2B18-CC74-430B-BCB2-600304EFA3D8}.Release|x64.Build.0 = Release|Any CPU
		{C7BF2B18-CC74-430B-BCB2-600304EFA3D8}.Release|x86.ActiveCfg = Release|Any CPU
		{C7BF2B18-CC74-430B-BCB2-600304EFA3D8}.Release|x86.Build.0 = Release|Any CPU
	EndGlobalSection
	GlobalSection(SolutionProperties) = preSolution
		HideSolutionNode = FALSE
	EndGlobalSection
	GlobalSection(NestedProjects) = preSolution
		{E8232612-EA44-4F4B-823C-B4C98EFB6342} = {4AFA91DD-875C-47CB-835B-2EF4FCD6A66E}
		{59BEB27B-8C75-4E30-A0D1-5ED336038C3C} = {4AFA91DD-875C-47CB-835B-2EF4FCD6A66E}
		{A7577975-54ED-4521-997B-6FACD396DAD9} = {4AFA91DD-875C-47CB-835B-2EF4FCD6A66E}
		{96102582-0ABB-46BB-8451-D43ADF63F594} = {4AFA91DD-875C-47CB-835B-2EF4FCD6A66E}
		{B099C1C7-3FF3-4C72-B7FE-B9604875994E} = {6EE3C10A-BEF6-4A73-B7D1-DAA9ECC5EC8D}
		{76BFE88D-0563-4897-B242-58CEEBA93431} = {D35DD1F8-A7E7-4A85-8E77-82C2C74E9F86}
		{8DAF65FC-578E-48E2-9DD3-ADCCFDA842F3} = {90EA039D-37AC-4D93-A91B-42DF8AE25E15}
		{C4FBD2FD-EA17-4F5C-B240-FDC9E8826DC0} = {D35DD1F8-A7E7-4A85-8E77-82C2C74E9F86}
		{02880AEB-7ECB-4F06-8281-A66DAF84E2F8} = {D35DD1F8-A7E7-4A85-8E77-82C2C74E9F86}
		{9BE28BE3-37C6-4A93-8DF8-AC970EC3A650} = {90EA039D-37AC-4D93-A91B-42DF8AE25E15}
		{8CA82DF2-8643-4DC4-B94E-805B632E4684} = {D35DD1F8-A7E7-4A85-8E77-82C2C74E9F86}
		{C7BF2B18-CC74-430B-BCB2-600304EFA3D8} = {90EA039D-37AC-4D93-A91B-42DF8AE25E15}
	EndGlobalSection
EndGlobal
